PODS:
  - CGRPCZlib (1.0.0-alpha.11)
  - CNIOAtomics (2.15.0)
  - CNIOBoringSSL (2.7.1)
  - CNIOBoringSSLShims (2.7.1):
    - CNIOBoringSSL (= 2.7.1)
  - CNIODarwin (2.15.0)
  - CNIOHTTPParser (2.15.0)
  - CNIOLinux (2.15.0)
  - CNIOSHA1 (2.15.0)
  - Firebase/CoreOnly (6.19.0):
    - FirebaseCore (= 6.6.4)
  - Firebase/Crashlytics (6.19.0):
    - Firebase/CoreOnly
    - FirebaseCrashlytics (~> 4.0.0-beta.5)
  - FirebaseAnalyticsInterop (1.5.0)
  - FirebaseCore (6.6.4):
    - FirebaseCoreDiagnostics (~> 1.2)
    - FirebaseCoreDiagnosticsInterop (~> 1.2)
    - GoogleUtilities/Environment (~> 6.5)
    - GoogleUtilities/Logger (~> 6.5)
  - FirebaseCoreDiagnostics (1.2.2):
    - FirebaseCoreDiagnosticsInterop (~> 1.2)
    - GoogleDataTransportCCTSupport (~> 2.0)
    - GoogleUtilities/Environment (~> 6.5)
    - GoogleUtilities/Logger (~> 6.5)
    - nanopb (~> 0.3.901)
  - FirebaseCoreDiagnosticsInterop (1.2.0)
  - FirebaseCrashlytics (4.0.0-beta.5):
    - FirebaseAnalyticsInterop (~> 1.2)
    - FirebaseCore (~> 6.6)
    - FirebaseInstallations (~> 1.1)
    - PromisesObjC (~> 1.2)
  - FirebaseInstallations (1.1.0):
    - FirebaseCore (~> 6.6)
    - GoogleUtilities/UserDefaults (~> 6.5)
    - PromisesObjC (~> 1.2)
  - GoogleDataTransport (5.0.0)
  - GoogleDataTransportCCTSupport (2.0.0):
    - GoogleDataTransport (~> 5.0)
    - nanopb (~> 0.3.901)
  - GoogleUtilities/Environment (6.5.1)
  - GoogleUtilities/Logger (6.5.1):
    - GoogleUtilities/Environment
  - GoogleUtilities/UserDefaults (6.5.1):
    - GoogleUtilities/Logger
  - gRPC-Swift (1.0.0-alpha.11):
    - CGRPCZlib (= 1.0.0-alpha.11)
    - Logging (= 1.2.0)
    - SwiftNIO (= 2.15.0)
    - SwiftNIOHTTP2 (= 1.11.0)
    - SwiftNIOSSL (= 2.7.1)
    - SwiftNIOTransportServices (= 1.3.0)
    - SwiftProtobuf (= 1.8.0)
  - KeychainSwift (19.0.0)
  - Logging (1.2.0)
  - lottie-ios (3.1.6)
  - MnemonicKit (2.0.0)
  - nanopb (0.3.9011):
    - nanopb/decode (= 0.3.9011)
    - nanopb/encode (= 0.3.9011)
  - nanopb/decode (0.3.9011)
  - nanopb/encode (0.3.9011)
  - PromisesObjC (1.2.8)
  - SQLite.swift (0.12.2):
    - SQLite.swift/standard (= 0.12.2)
  - SQLite.swift/standard (0.12.2)
  - SwiftNIO (2.15.0):
    - CNIOAtomics (= 2.15.0)
    - CNIODarwin (= 2.15.0)
    - CNIOLinux (= 2.15.0)
    - CNIOSHA1 (= 2.15.0)
    - SwiftNIOConcurrencyHelpers (= 2.15.0)
  - SwiftNIOConcurrencyHelpers (2.15.0):
    - CNIOAtomics (= 2.15.0)
  - SwiftNIOFoundationCompat (2.15.0):
    - SwiftNIO (= 2.15.0)
  - SwiftNIOHPACK (1.11.0):
    - SwiftNIO (= 2.15.0)
    - SwiftNIOConcurrencyHelpers (= 2.15.0)
    - SwiftNIOHTTP1 (= 2.15.0)
  - SwiftNIOHTTP1 (2.15.0):
    - CNIOHTTPParser (= 2.15.0)
    - SwiftNIO (= 2.15.0)
    - SwiftNIOConcurrencyHelpers (= 2.15.0)
  - SwiftNIOHTTP2 (1.11.0):
    - SwiftNIO (= 2.15.0)
    - SwiftNIOConcurrencyHelpers (= 2.15.0)
    - SwiftNIOHPACK (= 1.11.0)
    - SwiftNIOHTTP1 (= 2.15.0)
    - SwiftNIOTLS (= 2.15.0)
  - SwiftNIOSSL (2.7.1):
    - CNIOBoringSSL (= 2.7.1)
    - CNIOBoringSSLShims (= 2.7.1)
    - SwiftNIO (= 2.15.0)
    - SwiftNIOConcurrencyHelpers (= 2.15.0)
    - SwiftNIOTLS (= 2.15.0)
  - SwiftNIOTLS (2.15.0):
    - SwiftNIO (= 2.15.0)
  - SwiftNIOTransportServices (1.3.0):
    - SwiftNIO (~> 2.0)
    - SwiftNIOConcurrencyHelpers (~> 2.0)
    - SwiftNIOFoundationCompat (~> 2.0)
    - SwiftNIOTLS (~> 2.0)
  - SwiftProtobuf (1.8.0)
  - TinyQRScanner (1.0.0)
  - ZcashLightClientKit (0.4.0):
    - gRPC-Swift (~> 1.0.0-alpha.11)
    - SQLite.swift (~> 0.12.2)

DEPENDENCIES:
  - Firebase/Crashlytics
  - KeychainSwift (~> 19.0.0)
  - lottie-ios
  - "MnemonicKit (from `git@github.com:pacu/MnemonicKit.git`, commit `49ab6726fe8a15e1e615942b0b42a0cd83308090`)"
  - TinyQRScanner
  - ZcashLightClientKit (from `/Users/pacu/Repos/ECC/ZcashLightClientKit`)

SPEC REPOS:
  trunk:
    - CGRPCZlib
    - CNIOAtomics
    - CNIOBoringSSL
    - CNIOBoringSSLShims
    - CNIODarwin
    - CNIOHTTPParser
    - CNIOLinux
    - CNIOSHA1
    - Firebase
    - FirebaseAnalyticsInterop
    - FirebaseCore
    - FirebaseCoreDiagnostics
    - FirebaseCoreDiagnosticsInterop
    - FirebaseCrashlytics
    - FirebaseInstallations
    - GoogleDataTransport
    - GoogleDataTransportCCTSupport
    - GoogleUtilities
    - gRPC-Swift
    - KeychainSwift
    - Logging
    - lottie-ios
    - nanopb
    - PromisesObjC
    - SQLite.swift
    - SwiftNIO
    - SwiftNIOConcurrencyHelpers
    - SwiftNIOFoundationCompat
    - SwiftNIOHPACK
    - SwiftNIOHTTP1
    - SwiftNIOHTTP2
    - SwiftNIOSSL
    - SwiftNIOTLS
    - SwiftNIOTransportServices
    - SwiftProtobuf
    - TinyQRScanner

EXTERNAL SOURCES:
  MnemonicKit:
    :commit: 49ab6726fe8a15e1e615942b0b42a0cd83308090
    :git: "git@github.com:pacu/MnemonicKit.git"
  ZcashLightClientKit:
    :path: "/Users/pacu/Repos/ECC/ZcashLightClientKit"

CHECKOUT OPTIONS:
  MnemonicKit:
    :commit: 49ab6726fe8a15e1e615942b0b42a0cd83308090
    :git: "git@github.com:pacu/MnemonicKit.git"

SPEC CHECKSUMS:
  CGRPCZlib: e595387378d0601be796e858dd30c505458c4b1f
  CNIOAtomics: ba49b1c86f281e1ecfd84c9205fbc27a81826847
  CNIOBoringSSL: e4766830ab6d7c7fcd3618331f05fcb11638314d
  CNIOBoringSSLShims: c3f3c6f05b7ce9b576521328a5b1b566d8f4665b
  CNIODarwin: 2e341dd283fa3972706568b12925366145a8e2cd
  CNIOHTTPParser: 25e1d1bc84c0612cbbbd6baedc4be05d77a17e01
  CNIOLinux: 61598a8e49510207acb74c87f8fc11f762f76b5a
  CNIOSHA1: 7b1dcceef9682aef4c6578b9fc67f87a03f0c48e
  Firebase: d55ddb0e0bb3207166cddc028647833d8a1b5b6f
  FirebaseAnalyticsInterop: 3f86269c38ae41f47afeb43ebf32a001f58fcdae
  FirebaseCore: ed0a24c758a57c2b88c5efa8e6a8195e868af589
  FirebaseCoreDiagnostics: e9b4cd8ba60dee0f2d13347332e4b7898cca5b61
  FirebaseCoreDiagnosticsInterop: 296e2c5f5314500a850ad0b83e9e7c10b011a850
  FirebaseCrashlytics: 7c95218730d1debf493e987233c7b41dd7ba1329
  FirebaseInstallations: 575cd32f2aec0feeb0e44f5d0110a09e5e60b47b
  GoogleDataTransport: a857c6a002d201b524dd4bc2ed7e7355ed07e785
  GoogleDataTransportCCTSupport: 32f75fbe904c82772fcbb6b6bd4525bfb6f2a862
  GoogleUtilities: 06eb53bb579efe7099152735900dd04bf09e7275
  gRPC-Swift: 79f04da038f9a62005271d5b638611ce1bb31304
  KeychainSwift: a06190cf933ad46b1e0abc3d77d29c06331715c7
  Logging: 7838d379d234d7e5ae1265fa02804a9084caf04c
  lottie-ios: 85ce835dd8c53e02509f20729fc7d6a4e6645a0a
  MnemonicKit: dfbb4b7e2ccb3a67a56e519158501b27c519e2c8
  nanopb: 18003b5e52dab79db540fe93fe9579f399bd1ccd
  PromisesObjC: c119f3cd559f50b7ae681fa59dc1acd19173b7e6
  SQLite.swift: d2b4642190917051ce6bd1d49aab565fe794eea3
  SwiftNIO: c9889dcd8aed2655af9163b42fc11ebd4ce94252
  SwiftNIOConcurrencyHelpers: 2357037a16e9c51880c01b896a5ac3cd41066044
  SwiftNIOFoundationCompat: f09ee499a8a9c636ec9007f73c5a1cedc23dcad3
  SwiftNIOHPACK: 906596511ff9d1e095b7a72a0011351591bcae03
  SwiftNIOHTTP1: b05f4061ba18482006a264a5aa087bbcd35d153c
  SwiftNIOHTTP2: 3a52499594c6ec073af2a2801cf3c5d3d1c8700f
  SwiftNIOSSL: 7c82b8393a6b69a3ef9b12fe74240e92c2bd7add
  SwiftNIOTLS: 51580e51240d1a4d51efb2d317e92cf243181042
  SwiftNIOTransportServices: 26d40c589fc8fe667af51b06ef0aa49fbc9ae7f2
  SwiftProtobuf: 2cbd9409689b7df170d82a92a33443c8e3e14a70
  TinyQRScanner: 9930c4514dc6f123f3b9d95fcedbc1f8c241c5eb
  ZcashLightClientKit: 47e707be6657391d5d4fd7db1544b0d98ce45e42

PODFILE CHECKSUM: 09dee600c8df894dbfba3fe4c600bef5d3752501

COCOAPODS: 1.9.1
