PODS:
  - Bugsnag (6.9.0)
  - CGRPCZlib (1.0.0-alpha.19)
  - CNIOAtomics (2.27.0)
  - CNIOBoringSSL (2.10.5)
  - CNIOBoringSSLShims (2.10.5):
    - CNIOBoringSSL (= 2.10.5)
  - CNIODarwin (2.27.0)
  - CNIOHTTPParser (2.27.0)
  - CNIOLinux (2.27.0)
  - CNIOWindows (2.27.0)
  - CocoaLumberjack/Core (3.7.2)
  - CocoaLumberjack/Swift (3.7.2):
    - CocoaLumberjack/Core
  - gRPC-Swift (1.0.0-alpha.19):
    - CGRPCZlib (= 1.0.0-alpha.19)
    - Logging (< 2, >= 1.2.0)
    - SwiftNIO (< 3, >= 2.19.0)
    - SwiftNIOHTTP2 (< 2, >= 1.12.2)
    - SwiftNIOSSL (< 3, >= 2.8.0)
    - SwiftNIOTransportServices (< 2, >= 1.6.0)
    - SwiftProtobuf (< 2, >= 1.9.0)
  - KeychainSwift (19.0.0)
  - Logging (1.4.0)
  - lottie-ios (3.2.1)
  - Mixpanel-swift (2.9.2):
    - Mixpanel-swift/Complete (= 2.9.2)
  - Mixpanel-swift/Complete (2.9.2)
  - MnemonicSwift (2.0.0)
  - SQLite.swift (0.12.2):
    - SQLite.swift/standard (= 0.12.2)
  - SQLite.swift/standard (0.12.2)
  - SwiftNIO (2.27.0):
    - CNIODarwin (= 2.27.0)
    - CNIOLinux (= 2.27.0)
    - CNIOWindows (= 2.27.0)
    - SwiftNIOConcurrencyHelpers (= 2.27.0)
  - SwiftNIOConcurrencyHelpers (2.27.0):
    - CNIOAtomics (= 2.27.0)
  - SwiftNIOFoundationCompat (2.27.0):
    - SwiftNIO (= 2.27.0)
  - SwiftNIOHPACK (1.16.3):
    - SwiftNIO (< 3, >= 2.18.0)
    - SwiftNIOConcurrencyHelpers (< 3, >= 2.18.0)
    - SwiftNIOHTTP1 (< 3, >= 2.18.0)
  - SwiftNIOHTTP1 (2.27.0):
    - CNIOHTTPParser (= 2.27.0)
    - SwiftNIO (= 2.27.0)
    - SwiftNIOConcurrencyHelpers (= 2.27.0)
  - SwiftNIOHTTP2 (1.16.3):
    - SwiftNIO (< 3, >= 2.18.0)
    - SwiftNIOConcurrencyHelpers (< 3, >= 2.18.0)
    - SwiftNIOHPACK (= 1.16.3)
    - SwiftNIOHTTP1 (< 3, >= 2.18.0)
    - SwiftNIOTLS (< 3, >= 2.18.0)
  - SwiftNIOSSL (2.10.5):
    - CNIOBoringSSL (= 2.10.5)
    - CNIOBoringSSLShims (= 2.10.5)
    - SwiftNIO (< 3, >= 2.15.0)
    - SwiftNIOConcurrencyHelpers (< 3, >= 2.15.0)
    - SwiftNIOTLS (< 3, >= 2.15.0)
  - SwiftNIOTLS (2.27.0):
    - SwiftNIO (= 2.27.0)
  - SwiftNIOTransportServices (1.9.2):
    - SwiftNIO (< 3, >= 2.19.0)
    - SwiftNIOConcurrencyHelpers (< 3, >= 2.19.0)
    - SwiftNIOFoundationCompat (< 3, >= 2.19.0)
    - SwiftNIOTLS (< 3, >= 2.19.0)
  - SwiftProtobuf (1.16.0)
  - TinyQRScanner (1.0.1)
  - ZcashLightClientKit (0.10.2):
    - gRPC-Swift (= 1.0.0-alpha.19)
    - SQLite.swift (~> 0.12.2)
  - zealous-logger (1.0.0):
    - CocoaLumberjack/Swift (~> 3.7.0)

DEPENDENCIES:
  - Bugsnag
  - gRPC-Swift (= 1.0.0-alpha.19)
  - KeychainSwift (~> 19.0.0)
  - lottie-ios
  - Mixpanel-swift
  - MnemonicSwift (from `https://github.com/zcash-hackworks/MnemonicSwift.git`, branch `master`)
  - TinyQRScanner
  - ZcashLightClientKit (from `https://github.com/zcash/ZcashLightClientKit`, branch `master`)
  - zealous-logger (from `https://github.com/zcash-hackworks/zealous-logger`, branch `master`)

SPEC REPOS:
  trunk:
    - Bugsnag
    - CGRPCZlib
    - CNIOAtomics
    - CNIOBoringSSL
    - CNIOBoringSSLShims
    - CNIODarwin
    - CNIOHTTPParser
    - CNIOLinux
    - CNIOWindows
    - CocoaLumberjack
    - gRPC-Swift
    - KeychainSwift
    - Logging
    - lottie-ios
    - Mixpanel-swift
    - SQLite.swift
    - SwiftNIO
    - SwiftNIOConcurrencyHelpers
    - SwiftNIOFoundationCompat
    - SwiftNIOHPACK
    - SwiftNIOHTTP1
    - SwiftNIOHTTP2
    - SwiftNIOSSL
    - SwiftNIOTLS
    - SwiftNIOTransportServices
    - SwiftProtobuf
    - TinyQRScanner

EXTERNAL SOURCES:
  MnemonicSwift:
    :branch: master
    :git: https://github.com/zcash-hackworks/MnemonicSwift.git
  ZcashLightClientKit:
    :branch: master
    :git: https://github.com/zcash/ZcashLightClientKit
  zealous-logger:
    :branch: master
    :git: https://github.com/zcash-hackworks/zealous-logger

CHECKOUT OPTIONS:
  MnemonicSwift:
    :commit: 714cc6e2631ac322fc0067b2302358c1baad9275
    :git: https://github.com/zcash-hackworks/MnemonicSwift.git
  ZcashLightClientKit:
    :commit: 1e2b0acb2dec3b59d77dcf09bbea4de52ae18729
    :git: https://github.com/zcash/ZcashLightClientKit
  zealous-logger:
    :commit: c9f8d8d9f74a456094b9143616da3b4eba91ddcf
    :git: https://github.com/zcash-hackworks/zealous-logger

SPEC CHECKSUMS:
  Bugsnag: a78e3ae97fc61cbe659c7af3ac6732583668b75e
  CGRPCZlib: befd9b92013c647f18aa9b7d9e9231d52e1ced1b
  CNIOAtomics: 43316aa185f4bd639aa0a9cd49741151bbe8de7f
  CNIOBoringSSL: 7ff9c35139a115f93269915b9555044d741b2ac9
  CNIOBoringSSLShims: 6edde63429e353ba78992b2d4d1b0627752a4a43
  CNIODarwin: 9eb3c09e9f3fc5ed47cecdd032aad926df81e3a6
  CNIOHTTPParser: c6051552c5f332e4ec0756581e5cbd5632ca24e6
  CNIOLinux: 79227941d64216792c3c59238b0106b9e0df25bc
  CNIOWindows: f2baa102255e986467578337ffa2f777cb6bdf7f
  CocoaLumberjack: b7e05132ff94f6ae4dfa9d5bce9141893a21d9da
  gRPC-Swift: 75a7a8d7cd08177165ef971159afb84e5130cfc9
  KeychainSwift: a06190cf933ad46b1e0abc3d77d29c06331715c7
  Logging: beeb016c9c80cf77042d62e83495816847ef108b
  lottie-ios: 106e92eaf11fbed0a76590b4cdb9b5ec26123ff7
  Mixpanel-swift: 548b95cc578d54b611a38a0a0208f1326aa917be
  MnemonicSwift: 36384fc6b2640d93df9fe9fb60a8da7957cec36d
  SQLite.swift: d2b4642190917051ce6bd1d49aab565fe794eea3
  SwiftNIO: 81d33ce8c500b7e41b6cdde5f2f12330b9750219
  SwiftNIOConcurrencyHelpers: 23fc68bac541a465162d7225d2c743edd2f1012c
  SwiftNIOFoundationCompat: 0e52ac0e2c9b7b60ff9141eebb64f5a82d974118
  SwiftNIOHPACK: 38e855a72ae0c5176485ddd039b3933b99daa2b7
  SwiftNIOHTTP1: 846277d7fc7661fba655540e529d7ba3c728ca50
  SwiftNIOHTTP2: de7eff9d32fd347338f85b86c6fd0e13c3fbd1a0
  SwiftNIOSSL: 6a1f0499a5319e823eae0b6f053ecb502bcce3f5
  SwiftNIOTLS: 4f8df225f03393f08e0b47b4d876ae38167f8a27
  SwiftNIOTransportServices: 896c9a4ac98698d32aa2feea7657ade219ae80bb
  SwiftProtobuf: 4e16842b83c6fda06b10fac50d73b3f1fce8ab7b
  TinyQRScanner: 4077088ff2e8d476af79e6035413648c2c7900ef
  ZcashLightClientKit: 9294ded6505b3f8dd6e77c14cf33887aeff8d352
  zealous-logger: 2f33820d7d7e723796dabc51d60942b51b9ab024

PODFILE CHECKSUM: a8057227a9e6799695515bc813dffb647c6d0c8a

COCOAPODS: 1.9.3
