PODS:
  - Bugsnag (6.9.1)
  - CGRPCZlib (1.0.0)
  - CNIOAtomics (2.27.0)
  - CNIOBoringSSL (2.12.0)
  - CNIOBoringSSLShims (2.12.0):
    - CNIOBoringSSL (= 2.12.0)
  - CNIODarwin (2.27.0)
  - CNIOHTTPParser (2.27.0)
  - CNIOLinux (2.27.0)
  - CNIOWindows (2.27.0)
  - CocoaLumberjack/Core (3.7.2)
  - CocoaLumberjack/Swift (3.7.2):
    - CocoaLumberjack/Core
  - gRPC-Swift (1.0.0):
    - CGRPCZlib (= 1.0.0)
    - Logging (< 2.0.0, >= 1.4.0)
    - SwiftNIO (< 3.0.0, >= 2.22.0)
    - SwiftNIOExtras (< 2.0.0, >= 1.4.0)
    - SwiftNIOHTTP2 (< 2.0.0, >= 1.16.1)
    - SwiftNIOSSL (< 3.0.0, >= 2.8.0)
    - SwiftNIOTransportServices (< 2.0.0, >= 1.6.0)
    - SwiftProtobuf (< 2.0.0, >= 1.9.0)
  - KeychainSwift (19.0.0)
  - Logging (1.4.0)
  - lottie-ios (3.2.2)
  - Mixpanel-swift (2.9.3):
    - Mixpanel-swift/Complete (= 2.9.3)
  - Mixpanel-swift/Complete (2.9.3)
  - MnemonicSwift (2.0.0)
  - SQLite.swift (0.12.2):
    - SQLite.swift/standard (= 0.12.2)
  - SQLite.swift/standard (0.12.2)
  - SwiftNIO (2.27.0):
    - CNIODarwin (= 2.27.0)
    - CNIOLinux (= 2.27.0)
    - CNIOWindows (= 2.27.0)
    - SwiftNIOConcurrencyHelpers (= 2.27.0)
  - SwiftNIOConcurrencyHelpers (2.27.0):
    - CNIOAtomics (= 2.27.0)
  - SwiftNIOExtras (1.8.0):
    - SwiftNIO (< 3, >= 2.9.0)
  - SwiftNIOFoundationCompat (2.27.0):
    - SwiftNIO (= 2.27.0)
  - SwiftNIOHPACK (1.17.0):
    - SwiftNIO (< 3, >= 2.27.0)
    - SwiftNIOConcurrencyHelpers (< 3, >= 2.27.0)
    - SwiftNIOHTTP1 (< 3, >= 2.27.0)
  - SwiftNIOHTTP1 (2.27.0):
    - CNIOHTTPParser (= 2.27.0)
    - SwiftNIO (= 2.27.0)
    - SwiftNIOConcurrencyHelpers (= 2.27.0)
  - SwiftNIOHTTP2 (1.17.0):
    - SwiftNIO (< 3, >= 2.27.0)
    - SwiftNIOConcurrencyHelpers (< 3, >= 2.27.0)
    - SwiftNIOHPACK (= 1.17.0)
    - SwiftNIOHTTP1 (< 3, >= 2.27.0)
    - SwiftNIOTLS (< 3, >= 2.27.0)
  - SwiftNIOSSL (2.12.0):
    - CNIOBoringSSL (= 2.12.0)
    - CNIOBoringSSLShims (= 2.12.0)
    - SwiftNIO (< 3, >= 2.15.0)
    - SwiftNIOConcurrencyHelpers (< 3, >= 2.15.0)
    - SwiftNIOTLS (< 3, >= 2.15.0)
  - SwiftNIOTLS (2.27.0):
    - SwiftNIO (= 2.27.0)
  - SwiftNIOTransportServices (1.10.0):
    - SwiftNIO (< 3, >= 2.27.0)
    - SwiftNIOConcurrencyHelpers (< 3, >= 2.27.0)
    - SwiftNIOFoundationCompat (< 3, >= 2.27.0)
    - SwiftNIOTLS (< 3, >= 2.27.0)
  - SwiftProtobuf (1.16.0)
  - TinyQRScanner (1.0.1)
  - ZcashLightClientKit (0.11.0):
    - gRPC-Swift (= 1.0.0)
    - SQLite.swift (~> 0.12.2)
  - zealous-logger (1.0.0):
    - CocoaLumberjack/Swift (~> 3.7.0)

DEPENDENCIES:
  - Bugsnag
  - gRPC-Swift (= 1.0.0)
  - KeychainSwift (~> 19.0.0)
  - lottie-ios
  - Mixpanel-swift
  - MnemonicSwift (from `https://github.com/zcash-hackworks/MnemonicSwift.git`, branch `master`)
  - TinyQRScanner
  - ZcashLightClientKit (from `https://github.com/zcash/ZcashLightClientKit.git`, branch `master`)
  - zealous-logger (from `https://github.com/zcash-hackworks/zealous-logger`, branch `master`)

SPEC REPOS:
  trunk:
    - Bugsnag
    - CGRPCZlib
    - CNIOAtomics
    - CNIOBoringSSL
    - CNIOBoringSSLShims
    - CNIODarwin
    - CNIOHTTPParser
    - CNIOLinux
    - CNIOWindows
    - CocoaLumberjack
    - gRPC-Swift
    - KeychainSwift
    - Logging
    - lottie-ios
    - Mixpanel-swift
    - SQLite.swift
    - SwiftNIO
    - SwiftNIOConcurrencyHelpers
    - SwiftNIOExtras
    - SwiftNIOFoundationCompat
    - SwiftNIOHPACK
    - SwiftNIOHTTP1
    - SwiftNIOHTTP2
    - SwiftNIOSSL
    - SwiftNIOTLS
    - SwiftNIOTransportServices
    - SwiftProtobuf
    - TinyQRScanner

EXTERNAL SOURCES:
  MnemonicSwift:
    :branch: master
    :git: https://github.com/zcash-hackworks/MnemonicSwift.git
  ZcashLightClientKit:
    :branch: master
    :git: https://github.com/zcash/ZcashLightClientKit.git
  zealous-logger:
    :branch: master
    :git: https://github.com/zcash-hackworks/zealous-logger

CHECKOUT OPTIONS:
  MnemonicSwift:
    :commit: 714cc6e2631ac322fc0067b2302358c1baad9275
    :git: https://github.com/zcash-hackworks/MnemonicSwift.git
  ZcashLightClientKit:
    :commit: c51db604f3a7cb9a6c1148589f900a9c5185dd6d
    :git: https://github.com/zcash/ZcashLightClientKit.git
  zealous-logger:
    :commit: c9f8d8d9f74a456094b9143616da3b4eba91ddcf
    :git: https://github.com/zcash-hackworks/zealous-logger

SPEC CHECKSUMS:
  Bugsnag: 32ff5759880cb2491bf4aecfe30b911ae7117511
  CGRPCZlib: b0c9d704a12fa667f1824ffff20688f191945989
  CNIOAtomics: 43316aa185f4bd639aa0a9cd49741151bbe8de7f
  CNIOBoringSSL: 2433ef7bb7f34e0903f576771c3004b42a8c30df
  CNIOBoringSSLShims: 97f8c084e74a2d2f7e3bfa1695e4a0c7e1e7ecc5
  CNIODarwin: 9eb3c09e9f3fc5ed47cecdd032aad926df81e3a6
  CNIOHTTPParser: c6051552c5f332e4ec0756581e5cbd5632ca24e6
  CNIOLinux: 79227941d64216792c3c59238b0106b9e0df25bc
  CNIOWindows: f2baa102255e986467578337ffa2f777cb6bdf7f
  CocoaLumberjack: b7e05132ff94f6ae4dfa9d5bce9141893a21d9da
  gRPC-Swift: 77154009a019e97f8c4bd8f2bb75fe9726801157
  KeychainSwift: a06190cf933ad46b1e0abc3d77d29c06331715c7
  Logging: beeb016c9c80cf77042d62e83495816847ef108b
  lottie-ios: a033bb989eea77d9f99cc4e2bbdd3788229761ad
  Mixpanel-swift: 05ab116526c72e0e66a6a2feb9005e933c414347
  MnemonicSwift: 36384fc6b2640d93df9fe9fb60a8da7957cec36d
  SQLite.swift: d2b4642190917051ce6bd1d49aab565fe794eea3
  SwiftNIO: 81d33ce8c500b7e41b6cdde5f2f12330b9750219
  SwiftNIOConcurrencyHelpers: 23fc68bac541a465162d7225d2c743edd2f1012c
  SwiftNIOExtras: aa561b71020cd6844f722cf4513fb176c577414d
  SwiftNIOFoundationCompat: 0e52ac0e2c9b7b60ff9141eebb64f5a82d974118
  SwiftNIOHPACK: 7b780cf61fa41025042ca34a3918b651c3c9f655
  SwiftNIOHTTP1: 846277d7fc7661fba655540e529d7ba3c728ca50
  SwiftNIOHTTP2: 57fc74b454df553028744b8e4cd0ab3a33911a2d
  SwiftNIOSSL: 6a212ff5802c39cdee830c613501fcb414218427
  SwiftNIOTLS: 4f8df225f03393f08e0b47b4d876ae38167f8a27
  SwiftNIOTransportServices: eee29d06a617e6b37c534d8589ae27c31b119f81
  SwiftProtobuf: 4e16842b83c6fda06b10fac50d73b3f1fce8ab7b
  TinyQRScanner: 4077088ff2e8d476af79e6035413648c2c7900ef
  ZcashLightClientKit: 4df280350ce629f4a295076ad7891a3faf581a21
  zealous-logger: 2f33820d7d7e723796dabc51d60942b51b9ab024

PODFILE CHECKSUM: 26f8a66d267d7d681ae4a9a3885c80f2203287ab

COCOAPODS: 1.10.1
