// !$*UTF8*$!
{
	archiveVersion = 1;
	classes = {
	};
	objectVersion = 51;
	objects = {

/* Begin PBXBuildFile section */
		0D040F5923C3ECDD00ACD07E /* KeyPadViewModelTests.swift in Sources */ = {isa = PBXBuildFile; fileRef = 0D040F5823C3ECDD00ACD07E /* KeyPadViewModelTests.swift */; };
		0D0B8E7523E0DCB0002FF669 /* Transactions+zECCWallet.swift in Sources */ = {isa = PBXBuildFile; fileRef = 0D0B8E7423E0DCB0002FF669 /* Transactions+zECCWallet.swift */; };
		0D100ED523BA75EE0089DB22 /* ZcashLogo.swift in Sources */ = {isa = PBXBuildFile; fileRef = 0D100ED423BA75EE0089DB22 /* ZcashLogo.swift */; };
		0D100ED723BA78990089DB22 /* ZcashSymbol.swift in Sources */ = {isa = PBXBuildFile; fileRef = 0D100ED623BA78990089DB22 /* ZcashSymbol.swift */; };
		0D100ED923BA8DE80089DB22 /* CreateNewWallet.swift in Sources */ = {isa = PBXBuildFile; fileRef = 0D100ED823BA8DE80089DB22 /* CreateNewWallet.swift */; };
		0D100EDB23BA91F70089DB22 /* ZcashButton.swift in Sources */ = {isa = PBXBuildFile; fileRef = 0D100EDA23BA91F70089DB22 /* ZcashButton.swift */; };
		0D100EDE23BA92A50089DB22 /* Colors.swift in Sources */ = {isa = PBXBuildFile; fileRef = 0D100EDD23BA92A50089DB22 /* Colors.swift */; };
		0D100EE023BAAB170089DB22 /* BackupWallet.swift in Sources */ = {isa = PBXBuildFile; fileRef = 0D100EDF23BAAB170089DB22 /* BackupWallet.swift */; };
		0D100EE223BAB1B80089DB22 /* SeedBackup.swift in Sources */ = {isa = PBXBuildFile; fileRef = 0D100EE123BAB1B80089DB22 /* SeedBackup.swift */; };
		0D11C22D23BF807E001CF6F7 /* ReceiveFunds.swift in Sources */ = {isa = PBXBuildFile; fileRef = 0D11C22C23BF807E001CF6F7 /* ReceiveFunds.swift */; };
		0D11C22F23BF8181001CF6F7 /* QRCodeContainer.swift in Sources */ = {isa = PBXBuildFile; fileRef = 0D11C22E23BF8181001CF6F7 /* QRCodeContainer.swift */; };
		0D11C23123BF966C001CF6F7 /* ScanAddress.swift in Sources */ = {isa = PBXBuildFile; fileRef = 0D11C23023BF966C001CF6F7 /* ScanAddress.swift */; };
		0D11C23323BFA810001CF6F7 /* HostingController.swift in Sources */ = {isa = PBXBuildFile; fileRef = 0D11C23223BFA810001CF6F7 /* HostingController.swift */; };
		0D11C23523BFB33B001CF6F7 /* NavigationConfigurator.swift in Sources */ = {isa = PBXBuildFile; fileRef = 0D11C23423BFB33B001CF6F7 /* NavigationConfigurator.swift */; };
		0D11C23723BFB666001CF6F7 /* ShareScreen.swift in Sources */ = {isa = PBXBuildFile; fileRef = 0D11C23623BFB666001CF6F7 /* ShareScreen.swift */; };
		0D12510323B557E40014EE3A /* AppDelegate.swift in Sources */ = {isa = PBXBuildFile; fileRef = 0D12510223B557E40014EE3A /* AppDelegate.swift */; };
		0D12510523B557E40014EE3A /* SceneDelegate.swift in Sources */ = {isa = PBXBuildFile; fileRef = 0D12510423B557E40014EE3A /* SceneDelegate.swift */; };
		0D12510923B557E60014EE3A /* Assets.xcassets in Resources */ = {isa = PBXBuildFile; fileRef = 0D12510823B557E60014EE3A /* Assets.xcassets */; };
		0D12510C23B557E60014EE3A /* Preview Assets.xcassets in Resources */ = {isa = PBXBuildFile; fileRef = 0D12510B23B557E60014EE3A /* Preview Assets.xcassets */; };
		0D12510F23B557E60014EE3A /* LaunchScreen.storyboard in Resources */ = {isa = PBXBuildFile; fileRef = 0D12510D23B557E60014EE3A /* LaunchScreen.storyboard */; };
		0D12511A23B557E60014EE3A /* walletTests.swift in Sources */ = {isa = PBXBuildFile; fileRef = 0D12511923B557E60014EE3A /* walletTests.swift */; };
		0D12512523B557E60014EE3A /* walletUITests.swift in Sources */ = {isa = PBXBuildFile; fileRef = 0D12512423B557E60014EE3A /* walletUITests.swift */; };
		0D27C4A723C4C3AE0044B48E /* EnterRecipient.swift in Sources */ = {isa = PBXBuildFile; fileRef = 0D27C4A623C4C3AE0044B48E /* EnterRecipient.swift */; };
		0D27C4A923C4C4640044B48E /* ZcashTextField.swift in Sources */ = {isa = PBXBuildFile; fileRef = 0D27C4A823C4C4640044B48E /* ZcashTextField.swift */; };
		0D2BCF5F23E8A59D0076C5B0 /* QRCodeGenerator.swift in Sources */ = {isa = PBXBuildFile; fileRef = 0D2BCF5E23E8A59D0076C5B0 /* QRCodeGenerator.swift */; };
		0D421AF823C65B8F00E5E55E /* HoldToSend.swift in Sources */ = {isa = PBXBuildFile; fileRef = 0D421AF723C65B8F00E5E55E /* HoldToSend.swift */; };
		0D421AFA23C66B7500E5E55E /* Sending.swift in Sources */ = {isa = PBXBuildFile; fileRef = 0D421AF923C66B7500E5E55E /* Sending.swift */; };
		0D421AFF23C67DCF00E5E55E /* DetailCard.swift in Sources */ = {isa = PBXBuildFile; fileRef = 0D421AFE23C67DCE00E5E55E /* DetailCard.swift */; };
		0D4364C723CCF4CC008B7DAC /* SendFlowEnvironment.swift in Sources */ = {isa = PBXBuildFile; fileRef = 0D4364C623CCF4CC008B7DAC /* SendFlowEnvironment.swift */; };
		0D4C100123C52A9B00CD2854 /* UIKit+Extensions.swift in Sources */ = {isa = PBXBuildFile; fileRef = 0D4C100023C52A9B00CD2854 /* UIKit+Extensions.swift */; };
		0D4C100323C52CE200CD2854 /* AddMemo.swift in Sources */ = {isa = PBXBuildFile; fileRef = 0D4C100223C52CE200CD2854 /* AddMemo.swift */; };
		0D4C100523C52D3400CD2854 /* ZcashMemoTextView.swift in Sources */ = {isa = PBXBuildFile; fileRef = 0D4C100423C52D3400CD2854 /* ZcashMemoTextView.swift */; };
		0D4C100723C542D800CD2854 /* ZcashCheckCircle.swift in Sources */ = {isa = PBXBuildFile; fileRef = 0D4C100623C542D800CD2854 /* ZcashCheckCircle.swift */; };
		0D5BB98023DB6FE3002BC9CF /* sapling-output.params in Resources */ = {isa = PBXBuildFile; fileRef = 0D5BB97E23DB6FE3002BC9CF /* sapling-output.params */; };
		0D5BB98123DB6FE3002BC9CF /* sapling-spend.params in Resources */ = {isa = PBXBuildFile; fileRef = 0D5BB97F23DB6FE3002BC9CF /* sapling-spend.params */; };
		0D60F2EB23BE1B87006F5FAD /* Home.swift in Sources */ = {isa = PBXBuildFile; fileRef = 0D60F2EA23BE1B87006F5FAD /* Home.swift */; };
		0D60F2ED23BE1BC9006F5FAD /* ZcashBackground.swift in Sources */ = {isa = PBXBuildFile; fileRef = 0D60F2EC23BE1BC9006F5FAD /* ZcashBackground.swift */; };
		0D6BE0B323EB1348006A71C5 /* CameraAccessHelper.swift in Sources */ = {isa = PBXBuildFile; fileRef = 0D6BE0B223EB1348006A71C5 /* CameraAccessHelper.swift */; };
		0D72330823E9CFE40004B6D1 /* QRCodeScannerView.swift in Sources */ = {isa = PBXBuildFile; fileRef = 0D72330723E9CFE40004B6D1 /* QRCodeScannerView.swift */; };
		0D8C3E2D23D8B37900B94438 /* ProfileScreen.swift in Sources */ = {isa = PBXBuildFile; fileRef = 0D8C3E2C23D8B37900B94438 /* ProfileScreen.swift */; };
		0D8C3E2F23D8BA6500B94438 /* String+Zcash.swift in Sources */ = {isa = PBXBuildFile; fileRef = 0D8C3E2E23D8BA6500B94438 /* String+Zcash.swift */; };
		0D92967923BEEFFC001518F3 /* BalanceDetail.swift in Sources */ = {isa = PBXBuildFile; fileRef = 0D92967823BEEFFC001518F3 /* BalanceDetail.swift */; };
		0D9C203D23D77D4B006F1510 /* WalletDetails.swift in Sources */ = {isa = PBXBuildFile; fileRef = 0D9C203C23D77D4B006F1510 /* WalletDetails.swift */; };
		0D9C203F23D7827F006F1510 /* WalletDetailsHeader.swift in Sources */ = {isa = PBXBuildFile; fileRef = 0D9C203E23D7827F006F1510 /* WalletDetailsHeader.swift */; };
		0D9E89BB23DA3A9900AFD118 /* RestoreWallet.swift in Sources */ = {isa = PBXBuildFile; fileRef = 0D9E89BA23DA3A9900AFD118 /* RestoreWallet.swift */; };
		0D9E89BD23DA3BD600AFD118 /* SeedManagement.swift in Sources */ = {isa = PBXBuildFile; fileRef = 0D9E89BC23DA3BD600AFD118 /* SeedManagement.swift */; };
		0D9E89C023DA61A500AFD118 /* NavigationFlowBuilder.swift in Sources */ = {isa = PBXBuildFile; fileRef = 0D9E89BF23DA61A500AFD118 /* NavigationFlowBuilder.swift */; };
		0D9E89C223DA620E00AFD118 /* ZECCWalletEnvironment.swift in Sources */ = {isa = PBXBuildFile; fileRef = 0D9E89C123DA620E00AFD118 /* ZECCWalletEnvironment.swift */; };
		0DC167AF23BE35B300332890 /* SendZecView.swift in Sources */ = {isa = PBXBuildFile; fileRef = 0DC167AE23BE35B300332890 /* SendZecView.swift */; };
		0DC167B123BE37B300332890 /* BalanceUtils.swift in Sources */ = {isa = PBXBuildFile; fileRef = 0DC167B023BE37B300332890 /* BalanceUtils.swift */; };
		0DCF43BE23DF7229007E9B49 /* CombineSynchronizer.swift in Sources */ = {isa = PBXBuildFile; fileRef = 0DCF43BD23DF7229007E9B49 /* CombineSynchronizer.swift */; };
		0DDF876723DB5400002BF158 /* URL+Zcash.swift in Sources */ = {isa = PBXBuildFile; fileRef = 0DDF876623DB5400002BF158 /* URL+Zcash.swift */; };
		0DE51DAC23BEB03C00709636 /* Zboto.otf in Resources */ = {isa = PBXBuildFile; fileRef = 0DE51DAB23BEB03C00709636 /* Zboto.otf */; };
		0DE51DAE23BEB0E500709636 /* Fonts.swift in Sources */ = {isa = PBXBuildFile; fileRef = 0DE51DAD23BEB0E500709636 /* Fonts.swift */; };
		0DE51DB023BEBE5100709636 /* KeyPad.swift in Sources */ = {isa = PBXBuildFile; fileRef = 0DE51DAF23BEBE5100709636 /* KeyPad.swift */; };
		0DE51DB223BED85C00709636 /* ActionableMessage.swift in Sources */ = {isa = PBXBuildFile; fileRef = 0DE51DB123BED85C00709636 /* ActionableMessage.swift */; };
		0DEC5DF923BD60CF002EFD0D /* Ring.swift in Sources */ = {isa = PBXBuildFile; fileRef = 0DEC5DF823BD60CF002EFD0D /* Ring.swift */; };
		0DF210FF23F4733000C31B08 /* zECC+SwiftUI.swift in Sources */ = {isa = PBXBuildFile; fileRef = 0DF210FE23F4733000C31B08 /* zECC+SwiftUI.swift */; };
		0DFC0CF123C7787F0009DD7E /* ZcashSendButton.swift in Sources */ = {isa = PBXBuildFile; fileRef = 0DFC0CF023C7787F0009DD7E /* ZcashSendButton.swift */; };
		0DFC0CF323C8EA1C0009DD7E /* ZcashCloseButton.swift in Sources */ = {isa = PBXBuildFile; fileRef = 0DFC0CF223C8EA1C0009DD7E /* ZcashCloseButton.swift */; };
		C813E51FD2625FD87558A311 /* Pods_walletTests.framework in Frameworks */ = {isa = PBXBuildFile; fileRef = 62B635FC5467D5367105A0F5 /* Pods_walletTests.framework */; };
		EAB9083C349011831ECD4B1E /* Pods_wallet.framework in Frameworks */ = {isa = PBXBuildFile; fileRef = B9B4F6DA9664614DB691EAAB /* Pods_wallet.framework */; };
		EFF23B9D7FAF797C9E94DBD6 /* Pods_walletUITests.framework in Frameworks */ = {isa = PBXBuildFile; fileRef = 92F961529A0BCECF74EE57CC /* Pods_walletUITests.framework */; };
/* End PBXBuildFile section */

/* Begin PBXContainerItemProxy section */
		0D12511623B557E60014EE3A /* PBXContainerItemProxy */ = {
			isa = PBXContainerItemProxy;
			containerPortal = 0D1250F723B557E40014EE3A /* Project object */;
			proxyType = 1;
			remoteGlobalIDString = 0D1250FE23B557E40014EE3A;
			remoteInfo = wallet;
		};
		0D12512123B557E60014EE3A /* PBXContainerItemProxy */ = {
			isa = PBXContainerItemProxy;
			containerPortal = 0D1250F723B557E40014EE3A /* Project object */;
			proxyType = 1;
			remoteGlobalIDString = 0D1250FE23B557E40014EE3A;
			remoteInfo = wallet;
		};
/* End PBXContainerItemProxy section */

/* Begin PBXFileReference section */
		0D040F5823C3ECDD00ACD07E /* KeyPadViewModelTests.swift */ = {isa = PBXFileReference; lastKnownFileType = sourcecode.swift; path = KeyPadViewModelTests.swift; sourceTree = "<group>"; };
		0D0B8E7423E0DCB0002FF669 /* Transactions+zECCWallet.swift */ = {isa = PBXFileReference; lastKnownFileType = sourcecode.swift; path = "Transactions+zECCWallet.swift"; sourceTree = "<group>"; };
		0D100ED423BA75EE0089DB22 /* ZcashLogo.swift */ = {isa = PBXFileReference; lastKnownFileType = sourcecode.swift; path = ZcashLogo.swift; sourceTree = "<group>"; };
		0D100ED623BA78990089DB22 /* ZcashSymbol.swift */ = {isa = PBXFileReference; lastKnownFileType = sourcecode.swift; path = ZcashSymbol.swift; sourceTree = "<group>"; };
		0D100ED823BA8DE80089DB22 /* CreateNewWallet.swift */ = {isa = PBXFileReference; lastKnownFileType = sourcecode.swift; path = CreateNewWallet.swift; sourceTree = "<group>"; };
		0D100EDA23BA91F70089DB22 /* ZcashButton.swift */ = {isa = PBXFileReference; lastKnownFileType = sourcecode.swift; path = ZcashButton.swift; sourceTree = "<group>"; };
		0D100EDD23BA92A50089DB22 /* Colors.swift */ = {isa = PBXFileReference; lastKnownFileType = sourcecode.swift; path = Colors.swift; sourceTree = "<group>"; };
		0D100EDF23BAAB170089DB22 /* BackupWallet.swift */ = {isa = PBXFileReference; lastKnownFileType = sourcecode.swift; path = BackupWallet.swift; sourceTree = "<group>"; };
		0D100EE123BAB1B80089DB22 /* SeedBackup.swift */ = {isa = PBXFileReference; lastKnownFileType = sourcecode.swift; path = SeedBackup.swift; sourceTree = "<group>"; };
		0D11C22C23BF807E001CF6F7 /* ReceiveFunds.swift */ = {isa = PBXFileReference; lastKnownFileType = sourcecode.swift; path = ReceiveFunds.swift; sourceTree = "<group>"; };
		0D11C22E23BF8181001CF6F7 /* QRCodeContainer.swift */ = {isa = PBXFileReference; lastKnownFileType = sourcecode.swift; path = QRCodeContainer.swift; sourceTree = "<group>"; };
		0D11C23023BF966C001CF6F7 /* ScanAddress.swift */ = {isa = PBXFileReference; lastKnownFileType = sourcecode.swift; path = ScanAddress.swift; sourceTree = "<group>"; };
		0D11C23223BFA810001CF6F7 /* HostingController.swift */ = {isa = PBXFileReference; lastKnownFileType = sourcecode.swift; path = HostingController.swift; sourceTree = "<group>"; };
		0D11C23423BFB33B001CF6F7 /* NavigationConfigurator.swift */ = {isa = PBXFileReference; lastKnownFileType = sourcecode.swift; path = NavigationConfigurator.swift; sourceTree = "<group>"; };
		0D11C23623BFB666001CF6F7 /* ShareScreen.swift */ = {isa = PBXFileReference; lastKnownFileType = sourcecode.swift; path = ShareScreen.swift; sourceTree = "<group>"; };
		0D1250FF23B557E40014EE3A /* zECC Wallet.app */ = {isa = PBXFileReference; explicitFileType = wrapper.application; includeInIndex = 0; path = "zECC Wallet.app"; sourceTree = BUILT_PRODUCTS_DIR; };
		0D12510223B557E40014EE3A /* AppDelegate.swift */ = {isa = PBXFileReference; lastKnownFileType = sourcecode.swift; path = AppDelegate.swift; sourceTree = "<group>"; };
		0D12510423B557E40014EE3A /* SceneDelegate.swift */ = {isa = PBXFileReference; lastKnownFileType = sourcecode.swift; path = SceneDelegate.swift; sourceTree = "<group>"; };
		0D12510823B557E60014EE3A /* Assets.xcassets */ = {isa = PBXFileReference; lastKnownFileType = folder.assetcatalog; path = Assets.xcassets; sourceTree = "<group>"; };
		0D12510B23B557E60014EE3A /* Preview Assets.xcassets */ = {isa = PBXFileReference; lastKnownFileType = folder.assetcatalog; path = "Preview Assets.xcassets"; sourceTree = "<group>"; };
		0D12510E23B557E60014EE3A /* Base */ = {isa = PBXFileReference; lastKnownFileType = file.storyboard; name = Base; path = Base.lproj/LaunchScreen.storyboard; sourceTree = "<group>"; };
		0D12511023B557E60014EE3A /* Info.plist */ = {isa = PBXFileReference; lastKnownFileType = text.plist.xml; path = Info.plist; sourceTree = "<group>"; };
		0D12511523B557E60014EE3A /* walletTests.xctest */ = {isa = PBXFileReference; explicitFileType = wrapper.cfbundle; includeInIndex = 0; path = walletTests.xctest; sourceTree = BUILT_PRODUCTS_DIR; };
		0D12511923B557E60014EE3A /* walletTests.swift */ = {isa = PBXFileReference; lastKnownFileType = sourcecode.swift; path = walletTests.swift; sourceTree = "<group>"; };
		0D12511B23B557E60014EE3A /* Info.plist */ = {isa = PBXFileReference; lastKnownFileType = text.plist.xml; path = Info.plist; sourceTree = "<group>"; };
		0D12512023B557E60014EE3A /* walletUITests.xctest */ = {isa = PBXFileReference; explicitFileType = wrapper.cfbundle; includeInIndex = 0; path = walletUITests.xctest; sourceTree = BUILT_PRODUCTS_DIR; };
		0D12512423B557E60014EE3A /* walletUITests.swift */ = {isa = PBXFileReference; lastKnownFileType = sourcecode.swift; path = walletUITests.swift; sourceTree = "<group>"; };
		0D12512623B557E60014EE3A /* Info.plist */ = {isa = PBXFileReference; lastKnownFileType = text.plist.xml; path = Info.plist; sourceTree = "<group>"; };
		0D27C4A623C4C3AE0044B48E /* EnterRecipient.swift */ = {isa = PBXFileReference; lastKnownFileType = sourcecode.swift; path = EnterRecipient.swift; sourceTree = "<group>"; };
		0D27C4A823C4C4640044B48E /* ZcashTextField.swift */ = {isa = PBXFileReference; lastKnownFileType = sourcecode.swift; path = ZcashTextField.swift; sourceTree = "<group>"; };
		0D2BCF5E23E8A59D0076C5B0 /* QRCodeGenerator.swift */ = {isa = PBXFileReference; lastKnownFileType = sourcecode.swift; path = QRCodeGenerator.swift; sourceTree = "<group>"; };
		0D421AF723C65B8F00E5E55E /* HoldToSend.swift */ = {isa = PBXFileReference; lastKnownFileType = sourcecode.swift; path = HoldToSend.swift; sourceTree = "<group>"; };
		0D421AF923C66B7500E5E55E /* Sending.swift */ = {isa = PBXFileReference; lastKnownFileType = sourcecode.swift; path = Sending.swift; sourceTree = "<group>"; };
		0D421AFE23C67DCE00E5E55E /* DetailCard.swift */ = {isa = PBXFileReference; fileEncoding = 4; lastKnownFileType = sourcecode.swift; path = DetailCard.swift; sourceTree = "<group>"; };
		0D4364C623CCF4CC008B7DAC /* SendFlowEnvironment.swift */ = {isa = PBXFileReference; lastKnownFileType = sourcecode.swift; path = SendFlowEnvironment.swift; sourceTree = "<group>"; };
		0D4C100023C52A9B00CD2854 /* UIKit+Extensions.swift */ = {isa = PBXFileReference; lastKnownFileType = sourcecode.swift; path = "UIKit+Extensions.swift"; sourceTree = "<group>"; };
		0D4C100223C52CE200CD2854 /* AddMemo.swift */ = {isa = PBXFileReference; lastKnownFileType = sourcecode.swift; path = AddMemo.swift; sourceTree = "<group>"; };
		0D4C100423C52D3400CD2854 /* ZcashMemoTextView.swift */ = {isa = PBXFileReference; lastKnownFileType = sourcecode.swift; path = ZcashMemoTextView.swift; sourceTree = "<group>"; };
		0D4C100623C542D800CD2854 /* ZcashCheckCircle.swift */ = {isa = PBXFileReference; lastKnownFileType = sourcecode.swift; path = ZcashCheckCircle.swift; sourceTree = "<group>"; };
		0D5BB97E23DB6FE3002BC9CF /* sapling-output.params */ = {isa = PBXFileReference; lastKnownFileType = file; path = "sapling-output.params"; sourceTree = "<group>"; };
		0D5BB97F23DB6FE3002BC9CF /* sapling-spend.params */ = {isa = PBXFileReference; lastKnownFileType = file; path = "sapling-spend.params"; sourceTree = "<group>"; };
		0D60F2EA23BE1B87006F5FAD /* Home.swift */ = {isa = PBXFileReference; lastKnownFileType = sourcecode.swift; path = Home.swift; sourceTree = "<group>"; };
		0D60F2EC23BE1BC9006F5FAD /* ZcashBackground.swift */ = {isa = PBXFileReference; lastKnownFileType = sourcecode.swift; path = ZcashBackground.swift; sourceTree = "<group>"; };
		0D6BE0B223EB1348006A71C5 /* CameraAccessHelper.swift */ = {isa = PBXFileReference; lastKnownFileType = sourcecode.swift; path = CameraAccessHelper.swift; sourceTree = "<group>"; };
		0D72330723E9CFE40004B6D1 /* QRCodeScannerView.swift */ = {isa = PBXFileReference; lastKnownFileType = sourcecode.swift; path = QRCodeScannerView.swift; sourceTree = "<group>"; };
		0D8C3E2C23D8B37900B94438 /* ProfileScreen.swift */ = {isa = PBXFileReference; lastKnownFileType = sourcecode.swift; path = ProfileScreen.swift; sourceTree = "<group>"; };
		0D8C3E2E23D8BA6500B94438 /* String+Zcash.swift */ = {isa = PBXFileReference; lastKnownFileType = sourcecode.swift; path = "String+Zcash.swift"; sourceTree = "<group>"; };
		0D92967823BEEFFC001518F3 /* BalanceDetail.swift */ = {isa = PBXFileReference; lastKnownFileType = sourcecode.swift; path = BalanceDetail.swift; sourceTree = "<group>"; };
		0D9C203C23D77D4B006F1510 /* WalletDetails.swift */ = {isa = PBXFileReference; lastKnownFileType = sourcecode.swift; path = WalletDetails.swift; sourceTree = "<group>"; };
		0D9C203E23D7827F006F1510 /* WalletDetailsHeader.swift */ = {isa = PBXFileReference; lastKnownFileType = sourcecode.swift; path = WalletDetailsHeader.swift; sourceTree = "<group>"; };
		0D9E89BA23DA3A9900AFD118 /* RestoreWallet.swift */ = {isa = PBXFileReference; lastKnownFileType = sourcecode.swift; path = RestoreWallet.swift; sourceTree = "<group>"; };
		0D9E89BC23DA3BD600AFD118 /* SeedManagement.swift */ = {isa = PBXFileReference; lastKnownFileType = sourcecode.swift; path = SeedManagement.swift; sourceTree = "<group>"; };
		0D9E89BF23DA61A500AFD118 /* NavigationFlowBuilder.swift */ = {isa = PBXFileReference; lastKnownFileType = sourcecode.swift; path = NavigationFlowBuilder.swift; sourceTree = "<group>"; };
		0D9E89C123DA620E00AFD118 /* ZECCWalletEnvironment.swift */ = {isa = PBXFileReference; lastKnownFileType = sourcecode.swift; path = ZECCWalletEnvironment.swift; sourceTree = "<group>"; };
		0DC167AE23BE35B300332890 /* SendZecView.swift */ = {isa = PBXFileReference; lastKnownFileType = sourcecode.swift; path = SendZecView.swift; sourceTree = "<group>"; };
		0DC167B023BE37B300332890 /* BalanceUtils.swift */ = {isa = PBXFileReference; lastKnownFileType = sourcecode.swift; path = BalanceUtils.swift; sourceTree = "<group>"; };
		0DCF43BD23DF7229007E9B49 /* CombineSynchronizer.swift */ = {isa = PBXFileReference; lastKnownFileType = sourcecode.swift; path = CombineSynchronizer.swift; sourceTree = "<group>"; };
		0DDF876623DB5400002BF158 /* URL+Zcash.swift */ = {isa = PBXFileReference; lastKnownFileType = sourcecode.swift; path = "URL+Zcash.swift"; sourceTree = "<group>"; };
		0DE51DAB23BEB03C00709636 /* Zboto.otf */ = {isa = PBXFileReference; lastKnownFileType = file; path = Zboto.otf; sourceTree = "<group>"; };
		0DE51DAD23BEB0E500709636 /* Fonts.swift */ = {isa = PBXFileReference; lastKnownFileType = sourcecode.swift; path = Fonts.swift; sourceTree = "<group>"; };
		0DE51DAF23BEBE5100709636 /* KeyPad.swift */ = {isa = PBXFileReference; lastKnownFileType = sourcecode.swift; path = KeyPad.swift; sourceTree = "<group>"; };
		0DE51DB123BED85C00709636 /* ActionableMessage.swift */ = {isa = PBXFileReference; lastKnownFileType = sourcecode.swift; path = ActionableMessage.swift; sourceTree = "<group>"; };
		0DEC5DF823BD60CF002EFD0D /* Ring.swift */ = {isa = PBXFileReference; lastKnownFileType = sourcecode.swift; path = Ring.swift; sourceTree = "<group>"; };
		0DF210FE23F4733000C31B08 /* zECC+SwiftUI.swift */ = {isa = PBXFileReference; lastKnownFileType = sourcecode.swift; path = "zECC+SwiftUI.swift"; sourceTree = "<group>"; };
		0DFC0CF023C7787F0009DD7E /* ZcashSendButton.swift */ = {isa = PBXFileReference; lastKnownFileType = sourcecode.swift; path = ZcashSendButton.swift; sourceTree = "<group>"; };
		0DFC0CF223C8EA1C0009DD7E /* ZcashCloseButton.swift */ = {isa = PBXFileReference; lastKnownFileType = sourcecode.swift; path = ZcashCloseButton.swift; sourceTree = "<group>"; };
		1B234A6D8FF47F233B4E92BF /* Pods-wallet.release.xcconfig */ = {isa = PBXFileReference; includeInIndex = 1; lastKnownFileType = text.xcconfig; name = "Pods-wallet.release.xcconfig"; path = "Target Support Files/Pods-wallet/Pods-wallet.release.xcconfig"; sourceTree = "<group>"; };
		47DCD37DD3C9B8381A14FEC7 /* Pods-walletTests.debug.xcconfig */ = {isa = PBXFileReference; includeInIndex = 1; lastKnownFileType = text.xcconfig; name = "Pods-walletTests.debug.xcconfig"; path = "Target Support Files/Pods-walletTests/Pods-walletTests.debug.xcconfig"; sourceTree = "<group>"; };
		62B635FC5467D5367105A0F5 /* Pods_walletTests.framework */ = {isa = PBXFileReference; explicitFileType = wrapper.framework; includeInIndex = 0; path = Pods_walletTests.framework; sourceTree = BUILT_PRODUCTS_DIR; };
		7E1B6A66B5DA4057092A7092 /* Pods-walletUITests.release.xcconfig */ = {isa = PBXFileReference; includeInIndex = 1; lastKnownFileType = text.xcconfig; name = "Pods-walletUITests.release.xcconfig"; path = "Target Support Files/Pods-walletUITests/Pods-walletUITests.release.xcconfig"; sourceTree = "<group>"; };
		92F961529A0BCECF74EE57CC /* Pods_walletUITests.framework */ = {isa = PBXFileReference; explicitFileType = wrapper.framework; includeInIndex = 0; path = Pods_walletUITests.framework; sourceTree = BUILT_PRODUCTS_DIR; };
		B9B4F6DA9664614DB691EAAB /* Pods_wallet.framework */ = {isa = PBXFileReference; explicitFileType = wrapper.framework; includeInIndex = 0; path = Pods_wallet.framework; sourceTree = BUILT_PRODUCTS_DIR; };
		D033D08FE8D05360C67DEF80 /* Pods-walletTests.release.xcconfig */ = {isa = PBXFileReference; includeInIndex = 1; lastKnownFileType = text.xcconfig; name = "Pods-walletTests.release.xcconfig"; path = "Target Support Files/Pods-walletTests/Pods-walletTests.release.xcconfig"; sourceTree = "<group>"; };
		D470021251F012B3B93F7D53 /* Pods-walletUITests.debug.xcconfig */ = {isa = PBXFileReference; includeInIndex = 1; lastKnownFileType = text.xcconfig; name = "Pods-walletUITests.debug.xcconfig"; path = "Target Support Files/Pods-walletUITests/Pods-walletUITests.debug.xcconfig"; sourceTree = "<group>"; };
		DB7A9CABDC5C1369E18E5879 /* Pods-wallet.debug.xcconfig */ = {isa = PBXFileReference; includeInIndex = 1; lastKnownFileType = text.xcconfig; name = "Pods-wallet.debug.xcconfig"; path = "Target Support Files/Pods-wallet/Pods-wallet.debug.xcconfig"; sourceTree = "<group>"; };
/* End PBXFileReference section */

/* Begin PBXFrameworksBuildPhase section */
		0D1250FC23B557E40014EE3A /* Frameworks */ = {
			isa = PBXFrameworksBuildPhase;
			buildActionMask = 2147483647;
			files = (
				EAB9083C349011831ECD4B1E /* Pods_wallet.framework in Frameworks */,
			);
			runOnlyForDeploymentPostprocessing = 0;
		};
		0D12511223B557E60014EE3A /* Frameworks */ = {
			isa = PBXFrameworksBuildPhase;
			buildActionMask = 2147483647;
			files = (
				C813E51FD2625FD87558A311 /* Pods_walletTests.framework in Frameworks */,
			);
			runOnlyForDeploymentPostprocessing = 0;
		};
		0D12511D23B557E60014EE3A /* Frameworks */ = {
			isa = PBXFrameworksBuildPhase;
			buildActionMask = 2147483647;
			files = (
				EFF23B9D7FAF797C9E94DBD6 /* Pods_walletUITests.framework in Frameworks */,
			);
			runOnlyForDeploymentPostprocessing = 0;
		};
/* End PBXFrameworksBuildPhase section */

/* Begin PBXGroup section */
		0D100ED323BA75870089DB22 /* Views */ = {
			isa = PBXGroup;
			children = (
				0D9C203B23D77D2E006F1510 /* Wallet Details */,
				0D27C4A523C4C3480044B48E /* Send Flow */,
				0D100ED823BA8DE80089DB22 /* CreateNewWallet.swift */,
				0D9E89BA23DA3A9900AFD118 /* RestoreWallet.swift */,
				0D100EDF23BAAB170089DB22 /* BackupWallet.swift */,
				0D100EE123BAB1B80089DB22 /* SeedBackup.swift */,
				0D60F2EA23BE1B87006F5FAD /* Home.swift */,
				0D11C22C23BF807E001CF6F7 /* ReceiveFunds.swift */,
				0D11C23023BF966C001CF6F7 /* ScanAddress.swift */,
				0D11C23623BFB666001CF6F7 /* ShareScreen.swift */,
				0D8C3E2C23D8B37900B94438 /* ProfileScreen.swift */,
			);
			path = Views;
			sourceTree = "<group>";
		};
		0D100EDC23BA92970089DB22 /* Utils */ = {
			isa = PBXGroup;
			children = (
				0D100EDD23BA92A50089DB22 /* Colors.swift */,
				0DC167B023BE37B300332890 /* BalanceUtils.swift */,
				0DE51DAD23BEB0E500709636 /* Fonts.swift */,
				0D11C23223BFA810001CF6F7 /* HostingController.swift */,
				0D11C23423BFB33B001CF6F7 /* NavigationConfigurator.swift */,
				0D4C100023C52A9B00CD2854 /* UIKit+Extensions.swift */,
				0D8C3E2E23D8BA6500B94438 /* String+Zcash.swift */,
				0D9E89BC23DA3BD600AFD118 /* SeedManagement.swift */,
				0DDF876623DB5400002BF158 /* URL+Zcash.swift */,
				0D0B8E7423E0DCB0002FF669 /* Transactions+zECCWallet.swift */,
				0D2BCF5E23E8A59D0076C5B0 /* QRCodeGenerator.swift */,
				0D6BE0B223EB1348006A71C5 /* CameraAccessHelper.swift */,
				0DF210FE23F4733000C31B08 /* zECC+SwiftUI.swift */,
			);
			path = Utils;
			sourceTree = "<group>";
		};
		0D1250F623B557E40014EE3A = {
			isa = PBXGroup;
			children = (
				0D12510123B557E40014EE3A /* wallet */,
				0D12511823B557E60014EE3A /* walletTests */,
				0D12512323B557E60014EE3A /* walletUITests */,
				0D12510023B557E40014EE3A /* Products */,
				EA66A8F666D2E80F5C4EC4F5 /* Pods */,
				D20543E6B90A14184EE0C91C /* Frameworks */,
			);
			sourceTree = "<group>";
		};
		0D12510023B557E40014EE3A /* Products */ = {
			isa = PBXGroup;
			children = (
				0D1250FF23B557E40014EE3A /* zECC Wallet.app */,
				0D12511523B557E60014EE3A /* walletTests.xctest */,
				0D12512023B557E60014EE3A /* walletUITests.xctest */,
			);
			name = Products;
			sourceTree = "<group>";
		};
		0D12510123B557E40014EE3A /* wallet */ = {
			isa = PBXGroup;
			children = (
				0D9E89BE23DA579F00AFD118 /* NavigationFlow */,
				0D4364C523CCF49E008B7DAC /* Environment */,
				0DEC5DFA23BD63AA002EFD0D /* Components */,
				0DEC5DF723BD60B0002EFD0D /* Shapes */,
				0D100EDC23BA92970089DB22 /* Utils */,
				0D100ED323BA75870089DB22 /* Views */,
				0D12510223B557E40014EE3A /* AppDelegate.swift */,
				0D12510423B557E40014EE3A /* SceneDelegate.swift */,
				0D12510823B557E60014EE3A /* Assets.xcassets */,
				0D12510D23B557E60014EE3A /* LaunchScreen.storyboard */,
				0D5BB97E23DB6FE3002BC9CF /* sapling-output.params */,
				0D5BB97F23DB6FE3002BC9CF /* sapling-spend.params */,
				0D12511023B557E60014EE3A /* Info.plist */,
				0DE51DAB23BEB03C00709636 /* Zboto.otf */,
				0D12510A23B557E60014EE3A /* Preview Content */,
			);
			path = wallet;
			sourceTree = "<group>";
		};
		0D12510A23B557E60014EE3A /* Preview Content */ = {
			isa = PBXGroup;
			children = (
				0D12510B23B557E60014EE3A /* Preview Assets.xcassets */,
			);
			path = "Preview Content";
			sourceTree = "<group>";
		};
		0D12511823B557E60014EE3A /* walletTests */ = {
			isa = PBXGroup;
			children = (
				0D12511923B557E60014EE3A /* walletTests.swift */,
				0D12511B23B557E60014EE3A /* Info.plist */,
				0D040F5823C3ECDD00ACD07E /* KeyPadViewModelTests.swift */,
			);
			path = walletTests;
			sourceTree = "<group>";
		};
		0D12512323B557E60014EE3A /* walletUITests */ = {
			isa = PBXGroup;
			children = (
				0D12512423B557E60014EE3A /* walletUITests.swift */,
				0D12512623B557E60014EE3A /* Info.plist */,
			);
			path = walletUITests;
			sourceTree = "<group>";
		};
		0D27C4A523C4C3480044B48E /* Send Flow */ = {
			isa = PBXGroup;
			children = (
				0D27C4A623C4C3AE0044B48E /* EnterRecipient.swift */,
				0D4C100223C52CE200CD2854 /* AddMemo.swift */,
				0D421AF723C65B8F00E5E55E /* HoldToSend.swift */,
				0D421AF923C66B7500E5E55E /* Sending.swift */,
			);
			path = "Send Flow";
			sourceTree = "<group>";
		};
		0D4364C523CCF49E008B7DAC /* Environment */ = {
			isa = PBXGroup;
			children = (
				0D4364C623CCF4CC008B7DAC /* SendFlowEnvironment.swift */,
				0D9E89C123DA620E00AFD118 /* ZECCWalletEnvironment.swift */,
				0DCF43BD23DF7229007E9B49 /* CombineSynchronizer.swift */,
			);
			path = Environment;
			sourceTree = "<group>";
		};
		0D9C203B23D77D2E006F1510 /* Wallet Details */ = {
			isa = PBXGroup;
			children = (
				0D9C203C23D77D4B006F1510 /* WalletDetails.swift */,
				0D9C203E23D7827F006F1510 /* WalletDetailsHeader.swift */,
			);
			path = "Wallet Details";
			sourceTree = "<group>";
		};
		0D9E89BE23DA579F00AFD118 /* NavigationFlow */ = {
			isa = PBXGroup;
			children = (
				0D9E89BF23DA61A500AFD118 /* NavigationFlowBuilder.swift */,
			);
			path = NavigationFlow;
			sourceTree = "<group>";
		};
		0DEC5DF723BD60B0002EFD0D /* Shapes */ = {
			isa = PBXGroup;
			children = (
				0D100ED623BA78990089DB22 /* ZcashSymbol.swift */,
				0DEC5DF823BD60CF002EFD0D /* Ring.swift */,
			);
			path = Shapes;
			sourceTree = "<group>";
		};
		0DEC5DFA23BD63AA002EFD0D /* Components */ = {
			isa = PBXGroup;
			children = (
				0D100ED423BA75EE0089DB22 /* ZcashLogo.swift */,
				0D100EDA23BA91F70089DB22 /* ZcashButton.swift */,
				0D60F2EC23BE1BC9006F5FAD /* ZcashBackground.swift */,
				0DC167AE23BE35B300332890 /* SendZecView.swift */,
				0DE51DAF23BEBE5100709636 /* KeyPad.swift */,
				0DE51DB123BED85C00709636 /* ActionableMessage.swift */,
				0D92967823BEEFFC001518F3 /* BalanceDetail.swift */,
				0D11C22E23BF8181001CF6F7 /* QRCodeContainer.swift */,
				0D27C4A823C4C4640044B48E /* ZcashTextField.swift */,
				0D4C100423C52D3400CD2854 /* ZcashMemoTextView.swift */,
				0D4C100623C542D800CD2854 /* ZcashCheckCircle.swift */,
				0D421AFE23C67DCE00E5E55E /* DetailCard.swift */,
				0DFC0CF023C7787F0009DD7E /* ZcashSendButton.swift */,
				0DFC0CF223C8EA1C0009DD7E /* ZcashCloseButton.swift */,
				0D72330723E9CFE40004B6D1 /* QRCodeScannerView.swift */,
			);
			path = Components;
			sourceTree = "<group>";
		};
		D20543E6B90A14184EE0C91C /* Frameworks */ = {
			isa = PBXGroup;
			children = (
				B9B4F6DA9664614DB691EAAB /* Pods_wallet.framework */,
				62B635FC5467D5367105A0F5 /* Pods_walletTests.framework */,
				92F961529A0BCECF74EE57CC /* Pods_walletUITests.framework */,
			);
			name = Frameworks;
			sourceTree = "<group>";
		};
		EA66A8F666D2E80F5C4EC4F5 /* Pods */ = {
			isa = PBXGroup;
			children = (
				DB7A9CABDC5C1369E18E5879 /* Pods-wallet.debug.xcconfig */,
				1B234A6D8FF47F233B4E92BF /* Pods-wallet.release.xcconfig */,
				47DCD37DD3C9B8381A14FEC7 /* Pods-walletTests.debug.xcconfig */,
				D033D08FE8D05360C67DEF80 /* Pods-walletTests.release.xcconfig */,
				D470021251F012B3B93F7D53 /* Pods-walletUITests.debug.xcconfig */,
				7E1B6A66B5DA4057092A7092 /* Pods-walletUITests.release.xcconfig */,
			);
			path = Pods;
			sourceTree = "<group>";
		};
/* End PBXGroup section */

/* Begin PBXNativeTarget section */
		0D1250FE23B557E40014EE3A /* wallet */ = {
			isa = PBXNativeTarget;
			buildConfigurationList = 0D12512923B557E60014EE3A /* Build configuration list for PBXNativeTarget "wallet" */;
			buildPhases = (
				09F0649654084772D084C4BB /* [CP] Check Pods Manifest.lock */,
				0D100EC623BA642E0089DB22 /* ShellScript */,
				0D1250FB23B557E40014EE3A /* Sources */,
				0D1250FC23B557E40014EE3A /* Frameworks */,
				0D1250FD23B557E40014EE3A /* Resources */,
				DB667DD974DD6A01FD11B650 /* [CP] Embed Pods Frameworks */,
			);
			buildRules = (
			);
			dependencies = (
			);
			name = wallet;
			productName = wallet;
			productReference = 0D1250FF23B557E40014EE3A /* zECC Wallet.app */;
			productType = "com.apple.product-type.application";
		};
		0D12511423B557E60014EE3A /* walletTests */ = {
			isa = PBXNativeTarget;
			buildConfigurationList = 0D12512C23B557E60014EE3A /* Build configuration list for PBXNativeTarget "walletTests" */;
			buildPhases = (
				63838DE135AB3F1F93C005F5 /* [CP] Check Pods Manifest.lock */,
				0D12511123B557E60014EE3A /* Sources */,
				0D12511223B557E60014EE3A /* Frameworks */,
				0D12511323B557E60014EE3A /* Resources */,
			);
			buildRules = (
			);
			dependencies = (
				0D12511723B557E60014EE3A /* PBXTargetDependency */,
			);
			name = walletTests;
			productName = walletTests;
			productReference = 0D12511523B557E60014EE3A /* walletTests.xctest */;
			productType = "com.apple.product-type.bundle.unit-test";
		};
		0D12511F23B557E60014EE3A /* walletUITests */ = {
			isa = PBXNativeTarget;
			buildConfigurationList = 0D12512F23B557E60014EE3A /* Build configuration list for PBXNativeTarget "walletUITests" */;
			buildPhases = (
				EDA5712FCDC821DE5774E187 /* [CP] Check Pods Manifest.lock */,
				0D12511C23B557E60014EE3A /* Sources */,
				0D12511D23B557E60014EE3A /* Frameworks */,
				0D12511E23B557E60014EE3A /* Resources */,
			);
			buildRules = (
			);
			dependencies = (
				0D12512223B557E60014EE3A /* PBXTargetDependency */,
			);
			name = walletUITests;
			productName = walletUITests;
			productReference = 0D12512023B557E60014EE3A /* walletUITests.xctest */;
			productType = "com.apple.product-type.bundle.ui-testing";
		};
/* End PBXNativeTarget section */

/* Begin PBXProject section */
		0D1250F723B557E40014EE3A /* Project object */ = {
			isa = PBXProject;
			attributes = {
				LastSwiftUpdateCheck = 1130;
				LastUpgradeCheck = 1130;
				ORGANIZATIONNAME = "Francisco Gindre";
				TargetAttributes = {
					0D1250FE23B557E40014EE3A = {
						CreatedOnToolsVersion = 11.3;
					};
					0D12511423B557E60014EE3A = {
						CreatedOnToolsVersion = 11.3;
						TestTargetID = 0D1250FE23B557E40014EE3A;
					};
					0D12511F23B557E60014EE3A = {
						CreatedOnToolsVersion = 11.3;
						TestTargetID = 0D1250FE23B557E40014EE3A;
					};
				};
			};
			buildConfigurationList = 0D1250FA23B557E40014EE3A /* Build configuration list for PBXProject "wallet" */;
			compatibilityVersion = "Xcode 9.3";
			developmentRegion = en;
			hasScannedForEncodings = 0;
			knownRegions = (
				en,
				Base,
			);
			mainGroup = 0D1250F623B557E40014EE3A;
			productRefGroup = 0D12510023B557E40014EE3A /* Products */;
			projectDirPath = "";
			projectRoot = "";
			targets = (
				0D1250FE23B557E40014EE3A /* wallet */,
				0D12511423B557E60014EE3A /* walletTests */,
				0D12511F23B557E60014EE3A /* walletUITests */,
			);
		};
/* End PBXProject section */

/* Begin PBXResourcesBuildPhase section */
		0D1250FD23B557E40014EE3A /* Resources */ = {
			isa = PBXResourcesBuildPhase;
			buildActionMask = 2147483647;
			files = (
				0D12510F23B557E60014EE3A /* LaunchScreen.storyboard in Resources */,
				0D5BB98123DB6FE3002BC9CF /* sapling-spend.params in Resources */,
				0D12510C23B557E60014EE3A /* Preview Assets.xcassets in Resources */,
				0DE51DAC23BEB03C00709636 /* Zboto.otf in Resources */,
				0D5BB98023DB6FE3002BC9CF /* sapling-output.params in Resources */,
				0D12510923B557E60014EE3A /* Assets.xcassets in Resources */,
			);
			runOnlyForDeploymentPostprocessing = 0;
		};
		0D12511323B557E60014EE3A /* Resources */ = {
			isa = PBXResourcesBuildPhase;
			buildActionMask = 2147483647;
			files = (
			);
			runOnlyForDeploymentPostprocessing = 0;
		};
		0D12511E23B557E60014EE3A /* Resources */ = {
			isa = PBXResourcesBuildPhase;
			buildActionMask = 2147483647;
			files = (
			);
			runOnlyForDeploymentPostprocessing = 0;
		};
/* End PBXResourcesBuildPhase section */

/* Begin PBXShellScriptBuildPhase section */
		09F0649654084772D084C4BB /* [CP] Check Pods Manifest.lock */ = {
			isa = PBXShellScriptBuildPhase;
			buildActionMask = 2147483647;
			files = (
			);
			inputFileListPaths = (
			);
			inputPaths = (
				"${PODS_PODFILE_DIR_PATH}/Podfile.lock",
				"${PODS_ROOT}/Manifest.lock",
			);
			name = "[CP] Check Pods Manifest.lock";
			outputFileListPaths = (
			);
			outputPaths = (
				"$(DERIVED_FILE_DIR)/Pods-wallet-checkManifestLockResult.txt",
			);
			runOnlyForDeploymentPostprocessing = 0;
			shellPath = /bin/sh;
			shellScript = "diff \"${PODS_PODFILE_DIR_PATH}/Podfile.lock\" \"${PODS_ROOT}/Manifest.lock\" > /dev/null\nif [ $? != 0 ] ; then\n    # print error to STDERR\n    echo \"error: The sandbox is not in sync with the Podfile.lock. Run 'pod install' or update your CocoaPods installation.\" >&2\n    exit 1\nfi\n# This output is used by Xcode 'outputs' to avoid re-running this script phase.\necho \"SUCCESS\" > \"${SCRIPT_OUTPUT_FILE_0}\"\n";
			showEnvVarsInLog = 0;
		};
		0D100EC623BA642E0089DB22 /* ShellScript */ = {
			isa = PBXShellScriptBuildPhase;
			buildActionMask = 2147483647;
			files = (
			);
			inputFileListPaths = (
			);
			inputPaths = (
			);
			outputFileListPaths = (
			);
			outputPaths = (
			);
			runOnlyForDeploymentPostprocessing = 0;
			shellPath = /bin/sh;
			shellScript = "source ${SRCROOT}/env-vars.sh\n";
		};
		63838DE135AB3F1F93C005F5 /* [CP] Check Pods Manifest.lock */ = {
			isa = PBXShellScriptBuildPhase;
			buildActionMask = 2147483647;
			files = (
			);
			inputFileListPaths = (
			);
			inputPaths = (
				"${PODS_PODFILE_DIR_PATH}/Podfile.lock",
				"${PODS_ROOT}/Manifest.lock",
			);
			name = "[CP] Check Pods Manifest.lock";
			outputFileListPaths = (
			);
			outputPaths = (
				"$(DERIVED_FILE_DIR)/Pods-walletTests-checkManifestLockResult.txt",
			);
			runOnlyForDeploymentPostprocessing = 0;
			shellPath = /bin/sh;
			shellScript = "diff \"${PODS_PODFILE_DIR_PATH}/Podfile.lock\" \"${PODS_ROOT}/Manifest.lock\" > /dev/null\nif [ $? != 0 ] ; then\n    # print error to STDERR\n    echo \"error: The sandbox is not in sync with the Podfile.lock. Run 'pod install' or update your CocoaPods installation.\" >&2\n    exit 1\nfi\n# This output is used by Xcode 'outputs' to avoid re-running this script phase.\necho \"SUCCESS\" > \"${SCRIPT_OUTPUT_FILE_0}\"\n";
			showEnvVarsInLog = 0;
		};
		DB667DD974DD6A01FD11B650 /* [CP] Embed Pods Frameworks */ = {
			isa = PBXShellScriptBuildPhase;
			buildActionMask = 2147483647;
			files = (
			);
			inputFileListPaths = (
				"${PODS_ROOT}/Target Support Files/Pods-wallet/Pods-wallet-frameworks-${CONFIGURATION}-input-files.xcfilelist",
			);
			name = "[CP] Embed Pods Frameworks";
			outputFileListPaths = (
				"${PODS_ROOT}/Target Support Files/Pods-wallet/Pods-wallet-frameworks-${CONFIGURATION}-output-files.xcfilelist",
			);
			runOnlyForDeploymentPostprocessing = 0;
			shellPath = /bin/sh;
			shellScript = "\"${PODS_ROOT}/Target Support Files/Pods-wallet/Pods-wallet-frameworks.sh\"\n";
			showEnvVarsInLog = 0;
		};
		EDA5712FCDC821DE5774E187 /* [CP] Check Pods Manifest.lock */ = {
			isa = PBXShellScriptBuildPhase;
			buildActionMask = 2147483647;
			files = (
			);
			inputFileListPaths = (
			);
			inputPaths = (
				"${PODS_PODFILE_DIR_PATH}/Podfile.lock",
				"${PODS_ROOT}/Manifest.lock",
			);
			name = "[CP] Check Pods Manifest.lock";
			outputFileListPaths = (
			);
			outputPaths = (
				"$(DERIVED_FILE_DIR)/Pods-walletUITests-checkManifestLockResult.txt",
			);
			runOnlyForDeploymentPostprocessing = 0;
			shellPath = /bin/sh;
			shellScript = "diff \"${PODS_PODFILE_DIR_PATH}/Podfile.lock\" \"${PODS_ROOT}/Manifest.lock\" > /dev/null\nif [ $? != 0 ] ; then\n    # print error to STDERR\n    echo \"error: The sandbox is not in sync with the Podfile.lock. Run 'pod install' or update your CocoaPods installation.\" >&2\n    exit 1\nfi\n# This output is used by Xcode 'outputs' to avoid re-running this script phase.\necho \"SUCCESS\" > \"${SCRIPT_OUTPUT_FILE_0}\"\n";
			showEnvVarsInLog = 0;
		};
/* End PBXShellScriptBuildPhase section */

/* Begin PBXSourcesBuildPhase section */
		0D1250FB23B557E40014EE3A /* Sources */ = {
			isa = PBXSourcesBuildPhase;
			buildActionMask = 2147483647;
			files = (
				0D27C4A723C4C3AE0044B48E /* EnterRecipient.swift in Sources */,
				0D100EE223BAB1B80089DB22 /* SeedBackup.swift in Sources */,
				0DE51DAE23BEB0E500709636 /* Fonts.swift in Sources */,
				0DCF43BE23DF7229007E9B49 /* CombineSynchronizer.swift in Sources */,
				0DC167AF23BE35B300332890 /* SendZecView.swift in Sources */,
				0D8C3E2D23D8B37900B94438 /* ProfileScreen.swift in Sources */,
				0D9E89C223DA620E00AFD118 /* ZECCWalletEnvironment.swift in Sources */,
				0D100EDB23BA91F70089DB22 /* ZcashButton.swift in Sources */,
				0D27C4A923C4C4640044B48E /* ZcashTextField.swift in Sources */,
				0D100EDE23BA92A50089DB22 /* Colors.swift in Sources */,
				0DE51DB023BEBE5100709636 /* KeyPad.swift in Sources */,
				0D9C203D23D77D4B006F1510 /* WalletDetails.swift in Sources */,
				0DC167B123BE37B300332890 /* BalanceUtils.swift in Sources */,
				0D11C23723BFB666001CF6F7 /* ShareScreen.swift in Sources */,
				0D421AF823C65B8F00E5E55E /* HoldToSend.swift in Sources */,
				0D92967923BEEFFC001518F3 /* BalanceDetail.swift in Sources */,
				0D60F2EB23BE1B87006F5FAD /* Home.swift in Sources */,
				0DE51DB223BED85C00709636 /* ActionableMessage.swift in Sources */,
				0D421AFF23C67DCF00E5E55E /* DetailCard.swift in Sources */,
				0D9E89BD23DA3BD600AFD118 /* SeedManagement.swift in Sources */,
				0D4364C723CCF4CC008B7DAC /* SendFlowEnvironment.swift in Sources */,
				0DDF876723DB5400002BF158 /* URL+Zcash.swift in Sources */,
				0DF210FF23F4733000C31B08 /* zECC+SwiftUI.swift in Sources */,
				0D100ED523BA75EE0089DB22 /* ZcashLogo.swift in Sources */,
				0D4C100723C542D800CD2854 /* ZcashCheckCircle.swift in Sources */,
				0D6BE0B323EB1348006A71C5 /* CameraAccessHelper.swift in Sources */,
				0DFC0CF123C7787F0009DD7E /* ZcashSendButton.swift in Sources */,
				0D9C203F23D7827F006F1510 /* WalletDetailsHeader.swift in Sources */,
				0DFC0CF323C8EA1C0009DD7E /* ZcashCloseButton.swift in Sources */,
				0D421AFA23C66B7500E5E55E /* Sending.swift in Sources */,
				0D8C3E2F23D8BA6500B94438 /* String+Zcash.swift in Sources */,
				0D0B8E7523E0DCB0002FF669 /* Transactions+zECCWallet.swift in Sources */,
				0D4C100123C52A9B00CD2854 /* UIKit+Extensions.swift in Sources */,
				0D11C22D23BF807E001CF6F7 /* ReceiveFunds.swift in Sources */,
				0D9E89BB23DA3A9900AFD118 /* RestoreWallet.swift in Sources */,
				0D11C23523BFB33B001CF6F7 /* NavigationConfigurator.swift in Sources */,
				0D100ED723BA78990089DB22 /* ZcashSymbol.swift in Sources */,
				0D100EE023BAAB170089DB22 /* BackupWallet.swift in Sources */,
				0D4C100323C52CE200CD2854 /* AddMemo.swift in Sources */,
				0D2BCF5F23E8A59D0076C5B0 /* QRCodeGenerator.swift in Sources */,
				0D11C23123BF966C001CF6F7 /* ScanAddress.swift in Sources */,
				0D12510323B557E40014EE3A /* AppDelegate.swift in Sources */,
				0D9E89C023DA61A500AFD118 /* NavigationFlowBuilder.swift in Sources */,
				0DEC5DF923BD60CF002EFD0D /* Ring.swift in Sources */,
				0D72330823E9CFE40004B6D1 /* QRCodeScannerView.swift in Sources */,
				0D12510523B557E40014EE3A /* SceneDelegate.swift in Sources */,
				0D11C22F23BF8181001CF6F7 /* QRCodeContainer.swift in Sources */,
				0D100ED923BA8DE80089DB22 /* CreateNewWallet.swift in Sources */,
				0D4C100523C52D3400CD2854 /* ZcashMemoTextView.swift in Sources */,
				0D11C23323BFA810001CF6F7 /* HostingController.swift in Sources */,
				0D60F2ED23BE1BC9006F5FAD /* ZcashBackground.swift in Sources */,
			);
			runOnlyForDeploymentPostprocessing = 0;
		};
		0D12511123B557E60014EE3A /* Sources */ = {
			isa = PBXSourcesBuildPhase;
			buildActionMask = 2147483647;
			files = (
				0D040F5923C3ECDD00ACD07E /* KeyPadViewModelTests.swift in Sources */,
				0D12511A23B557E60014EE3A /* walletTests.swift in Sources */,
			);
			runOnlyForDeploymentPostprocessing = 0;
		};
		0D12511C23B557E60014EE3A /* Sources */ = {
			isa = PBXSourcesBuildPhase;
			buildActionMask = 2147483647;
			files = (
				0D12512523B557E60014EE3A /* walletUITests.swift in Sources */,
			);
			runOnlyForDeploymentPostprocessing = 0;
		};
/* End PBXSourcesBuildPhase section */

/* Begin PBXTargetDependency section */
		0D12511723B557E60014EE3A /* PBXTargetDependency */ = {
			isa = PBXTargetDependency;
			target = 0D1250FE23B557E40014EE3A /* wallet */;
			targetProxy = 0D12511623B557E60014EE3A /* PBXContainerItemProxy */;
		};
		0D12512223B557E60014EE3A /* PBXTargetDependency */ = {
			isa = PBXTargetDependency;
			target = 0D1250FE23B557E40014EE3A /* wallet */;
			targetProxy = 0D12512123B557E60014EE3A /* PBXContainerItemProxy */;
		};
/* End PBXTargetDependency section */

/* Begin PBXVariantGroup section */
		0D12510D23B557E60014EE3A /* LaunchScreen.storyboard */ = {
			isa = PBXVariantGroup;
			children = (
				0D12510E23B557E60014EE3A /* Base */,
			);
			name = LaunchScreen.storyboard;
			sourceTree = "<group>";
		};
/* End PBXVariantGroup section */

/* Begin XCBuildConfiguration section */
		0D12512723B557E60014EE3A /* Debug */ = {
			isa = XCBuildConfiguration;
			buildSettings = {
				ALWAYS_SEARCH_USER_PATHS = NO;
				CLANG_ANALYZER_NONNULL = YES;
				CLANG_ANALYZER_NUMBER_OBJECT_CONVERSION = YES_AGGRESSIVE;
				CLANG_CXX_LANGUAGE_STANDARD = "gnu++14";
				CLANG_CXX_LIBRARY = "libc++";
				CLANG_ENABLE_MODULES = YES;
				CLANG_ENABLE_OBJC_ARC = YES;
				CLANG_ENABLE_OBJC_WEAK = YES;
				CLANG_WARN_BLOCK_CAPTURE_AUTORELEASING = YES;
				CLANG_WARN_BOOL_CONVERSION = YES;
				CLANG_WARN_COMMA = YES;
				CLANG_WARN_CONSTANT_CONVERSION = YES;
				CLANG_WARN_DEPRECATED_OBJC_IMPLEMENTATIONS = YES;
				CLANG_WARN_DIRECT_OBJC_ISA_USAGE = YES_ERROR;
				CLANG_WARN_DOCUMENTATION_COMMENTS = YES;
				CLANG_WARN_EMPTY_BODY = YES;
				CLANG_WARN_ENUM_CONVERSION = YES;
				CLANG_WARN_INFINITE_RECURSION = YES;
				CLANG_WARN_INT_CONVERSION = YES;
				CLANG_WARN_NON_LITERAL_NULL_CONVERSION = YES;
				CLANG_WARN_OBJC_IMPLICIT_RETAIN_SELF = YES;
				CLANG_WARN_OBJC_LITERAL_CONVERSION = YES;
				CLANG_WARN_OBJC_ROOT_CLASS = YES_ERROR;
				CLANG_WARN_RANGE_LOOP_ANALYSIS = YES;
				CLANG_WARN_STRICT_PROTOTYPES = YES;
				CLANG_WARN_SUSPICIOUS_MOVE = YES;
				CLANG_WARN_UNGUARDED_AVAILABILITY = YES_AGGRESSIVE;
				CLANG_WARN_UNREACHABLE_CODE = YES;
				CLANG_WARN__DUPLICATE_METHOD_MATCH = YES;
				COPY_PHASE_STRIP = NO;
				DEBUG_INFORMATION_FORMAT = dwarf;
				ENABLE_STRICT_OBJC_MSGSEND = YES;
				ENABLE_TESTABILITY = YES;
				GCC_C_LANGUAGE_STANDARD = gnu11;
				GCC_DYNAMIC_NO_PIC = NO;
				GCC_NO_COMMON_BLOCKS = YES;
				GCC_OPTIMIZATION_LEVEL = 0;
				GCC_PREPROCESSOR_DEFINITIONS = (
					"DEBUG=1",
					"$(inherited)",
				);
				GCC_WARN_64_TO_32_BIT_CONVERSION = YES;
				GCC_WARN_ABOUT_RETURN_TYPE = YES_ERROR;
				GCC_WARN_UNDECLARED_SELECTOR = YES;
				GCC_WARN_UNINITIALIZED_AUTOS = YES_AGGRESSIVE;
				GCC_WARN_UNUSED_FUNCTION = YES;
				GCC_WARN_UNUSED_VARIABLE = YES;
				IPHONEOS_DEPLOYMENT_TARGET = 13.2;
				MTL_ENABLE_DEBUG_INFO = INCLUDE_SOURCE;
				MTL_FAST_MATH = YES;
				ONLY_ACTIVE_ARCH = YES;
				SDKROOT = iphoneos;
				SWIFT_ACTIVE_COMPILATION_CONDITIONS = DEBUG;
				SWIFT_OPTIMIZATION_LEVEL = "-Onone";
			};
			name = Debug;
		};
		0D12512823B557E60014EE3A /* Release */ = {
			isa = XCBuildConfiguration;
			buildSettings = {
				ALWAYS_SEARCH_USER_PATHS = NO;
				CLANG_ANALYZER_NONNULL = YES;
				CLANG_ANALYZER_NUMBER_OBJECT_CONVERSION = YES_AGGRESSIVE;
				CLANG_CXX_LANGUAGE_STANDARD = "gnu++14";
				CLANG_CXX_LIBRARY = "libc++";
				CLANG_ENABLE_MODULES = YES;
				CLANG_ENABLE_OBJC_ARC = YES;
				CLANG_ENABLE_OBJC_WEAK = YES;
				CLANG_WARN_BLOCK_CAPTURE_AUTORELEASING = YES;
				CLANG_WARN_BOOL_CONVERSION = YES;
				CLANG_WARN_COMMA = YES;
				CLANG_WARN_CONSTANT_CONVERSION = YES;
				CLANG_WARN_DEPRECATED_OBJC_IMPLEMENTATIONS = YES;
				CLANG_WARN_DIRECT_OBJC_ISA_USAGE = YES_ERROR;
				CLANG_WARN_DOCUMENTATION_COMMENTS = YES;
				CLANG_WARN_EMPTY_BODY = YES;
				CLANG_WARN_ENUM_CONVERSION = YES;
				CLANG_WARN_INFINITE_RECURSION = YES;
				CLANG_WARN_INT_CONVERSION = YES;
				CLANG_WARN_NON_LITERAL_NULL_CONVERSION = YES;
				CLANG_WARN_OBJC_IMPLICIT_RETAIN_SELF = YES;
				CLANG_WARN_OBJC_LITERAL_CONVERSION = YES;
				CLANG_WARN_OBJC_ROOT_CLASS = YES_ERROR;
				CLANG_WARN_RANGE_LOOP_ANALYSIS = YES;
				CLANG_WARN_STRICT_PROTOTYPES = YES;
				CLANG_WARN_SUSPICIOUS_MOVE = YES;
				CLANG_WARN_UNGUARDED_AVAILABILITY = YES_AGGRESSIVE;
				CLANG_WARN_UNREACHABLE_CODE = YES;
				CLANG_WARN__DUPLICATE_METHOD_MATCH = YES;
				COPY_PHASE_STRIP = NO;
				DEBUG_INFORMATION_FORMAT = "dwarf-with-dsym";
				ENABLE_NS_ASSERTIONS = NO;
				ENABLE_STRICT_OBJC_MSGSEND = YES;
				GCC_C_LANGUAGE_STANDARD = gnu11;
				GCC_NO_COMMON_BLOCKS = YES;
				GCC_WARN_64_TO_32_BIT_CONVERSION = YES;
				GCC_WARN_ABOUT_RETURN_TYPE = YES_ERROR;
				GCC_WARN_UNDECLARED_SELECTOR = YES;
				GCC_WARN_UNINITIALIZED_AUTOS = YES_AGGRESSIVE;
				GCC_WARN_UNUSED_FUNCTION = YES;
				GCC_WARN_UNUSED_VARIABLE = YES;
				IPHONEOS_DEPLOYMENT_TARGET = 13.2;
				MTL_ENABLE_DEBUG_INFO = NO;
				MTL_FAST_MATH = YES;
				SDKROOT = iphoneos;
				SWIFT_COMPILATION_MODE = wholemodule;
				SWIFT_OPTIMIZATION_LEVEL = "-O";
				VALIDATE_PRODUCT = YES;
			};
			name = Release;
		};
		0D12512A23B557E60014EE3A /* Debug */ = {
			isa = XCBuildConfiguration;
			baseConfigurationReference = DB7A9CABDC5C1369E18E5879 /* Pods-wallet.debug.xcconfig */;
			buildSettings = {
				ASSETCATALOG_COMPILER_APPICON_NAME = AppIcon;
				CODE_SIGN_STYLE = Automatic;
				DEVELOPMENT_ASSET_PATHS = "\"wallet/Preview Content\"";
				DEVELOPMENT_TEAM = 6J82A38BF9;
				ENABLE_BITCODE = NO;
				ENABLE_PREVIEWS = YES;
				INFOPLIST_FILE = wallet/Info.plist;
				LD_RUNPATH_SEARCH_PATHS = (
					"$(inherited)",
					"@executable_path/Frameworks",
				);
				PRODUCT_BUNDLE_IDENTIFIER = co.electriccoin.wallet;
				PRODUCT_NAME = "zECC Wallet";
				SWIFT_VERSION = 5.0;
				TARGETED_DEVICE_FAMILY = 1;
			};
			name = Debug;
		};
		0D12512B23B557E60014EE3A /* Release */ = {
			isa = XCBuildConfiguration;
			baseConfigurationReference = 1B234A6D8FF47F233B4E92BF /* Pods-wallet.release.xcconfig */;
			buildSettings = {
				ASSETCATALOG_COMPILER_APPICON_NAME = AppIcon;
				CODE_SIGN_STYLE = Automatic;
				DEVELOPMENT_ASSET_PATHS = "\"wallet/Preview Content\"";
				DEVELOPMENT_TEAM = 6J82A38BF9;
				ENABLE_BITCODE = NO;
				ENABLE_PREVIEWS = YES;
				INFOPLIST_FILE = wallet/Info.plist;
				LD_RUNPATH_SEARCH_PATHS = (
					"$(inherited)",
					"@executable_path/Frameworks",
				);
				PRODUCT_BUNDLE_IDENTIFIER = co.electriccoin.wallet;
				PRODUCT_NAME = "zECC Wallet";
				SWIFT_VERSION = 5.0;
				TARGETED_DEVICE_FAMILY = 1;
			};
			name = Release;
		};
		0D12512D23B557E60014EE3A /* Debug */ = {
			isa = XCBuildConfiguration;
			baseConfigurationReference = 47DCD37DD3C9B8381A14FEC7 /* Pods-walletTests.debug.xcconfig */;
			buildSettings = {
				ALWAYS_EMBED_SWIFT_STANDARD_LIBRARIES = YES;
				BUNDLE_LOADER = "$(TEST_HOST)";
				CODE_SIGN_STYLE = Automatic;
				DEVELOPMENT_TEAM = 6J82A38BF9;
				INFOPLIST_FILE = walletTests/Info.plist;
				IPHONEOS_DEPLOYMENT_TARGET = 13.2;
				LD_RUNPATH_SEARCH_PATHS = (
					"$(inherited)",
					"@executable_path/Frameworks",
					"@loader_path/Frameworks",
				);
				PRODUCT_BUNDLE_IDENTIFIER = co.electriccoin.walletTests;
				PRODUCT_NAME = "$(TARGET_NAME)";
				SWIFT_VERSION = 5.0;
				TARGETED_DEVICE_FAMILY = "1,2";
				TEST_HOST = "$(BUILT_PRODUCTS_DIR)/zECC Wallet.app/zECC Wallet";
			};
			name = Debug;
		};
		0D12512E23B557E60014EE3A /* Release */ = {
			isa = XCBuildConfiguration;
			baseConfigurationReference = D033D08FE8D05360C67DEF80 /* Pods-walletTests.release.xcconfig */;
			buildSettings = {
				ALWAYS_EMBED_SWIFT_STANDARD_LIBRARIES = YES;
				BUNDLE_LOADER = "$(TEST_HOST)";
				CODE_SIGN_STYLE = Automatic;
				DEVELOPMENT_TEAM = 6J82A38BF9;
				INFOPLIST_FILE = walletTests/Info.plist;
				IPHONEOS_DEPLOYMENT_TARGET = 13.2;
				LD_RUNPATH_SEARCH_PATHS = (
					"$(inherited)",
					"@executable_path/Frameworks",
					"@loader_path/Frameworks",
				);
				PRODUCT_BUNDLE_IDENTIFIER = co.electriccoin.walletTests;
				PRODUCT_NAME = "$(TARGET_NAME)";
				SWIFT_VERSION = 5.0;
				TARGETED_DEVICE_FAMILY = "1,2";
				TEST_HOST = "$(BUILT_PRODUCTS_DIR)/zECC Wallet.app/zECC Wallet";
			};
			name = Release;
		};
		0D12513023B557E60014EE3A /* Debug */ = {
			isa = XCBuildConfiguration;
			baseConfigurationReference = D470021251F012B3B93F7D53 /* Pods-walletUITests.debug.xcconfig */;
			buildSettings = {
				ALWAYS_EMBED_SWIFT_STANDARD_LIBRARIES = YES;
				CODE_SIGN_STYLE = Automatic;
				DEVELOPMENT_TEAM = 6J82A38BF9;
				INFOPLIST_FILE = walletUITests/Info.plist;
				LD_RUNPATH_SEARCH_PATHS = (
					"$(inherited)",
					"@executable_path/Frameworks",
					"@loader_path/Frameworks",
				);
				PRODUCT_BUNDLE_IDENTIFIER = co.electriccoin.walletUITests;
				PRODUCT_NAME = "$(TARGET_NAME)";
				SWIFT_VERSION = 5.0;
				TARGETED_DEVICE_FAMILY = "1,2";
				TEST_TARGET_NAME = wallet;
			};
			name = Debug;
		};
		0D12513123B557E60014EE3A /* Release */ = {
			isa = XCBuildConfiguration;
			baseConfigurationReference = 7E1B6A66B5DA4057092A7092 /* Pods-walletUITests.release.xcconfig */;
			buildSettings = {
				ALWAYS_EMBED_SWIFT_STANDARD_LIBRARIES = YES;
				CODE_SIGN_STYLE = Automatic;
				DEVELOPMENT_TEAM = 6J82A38BF9;
				INFOPLIST_FILE = walletUITests/Info.plist;
				LD_RUNPATH_SEARCH_PATHS = (
					"$(inherited)",
					"@executable_path/Frameworks",
					"@loader_path/Frameworks",
				);
				PRODUCT_BUNDLE_IDENTIFIER = co.electriccoin.walletUITests;
				PRODUCT_NAME = "$(TARGET_NAME)";
				SWIFT_VERSION = 5.0;
				TARGETED_DEVICE_FAMILY = "1,2";
				TEST_TARGET_NAME = wallet;
			};
			name = Release;
		};
/* End XCBuildConfiguration section */

/* Begin XCConfigurationList section */
		0D1250FA23B557E40014EE3A /* Build configuration list for PBXProject "wallet" */ = {
			isa = XCConfigurationList;
			buildConfigurations = (
				0D12512723B557E60014EE3A /* Debug */,
				0D12512823B557E60014EE3A /* Release */,
			);
			defaultConfigurationIsVisible = 0;
			defaultConfigurationName = Release;
		};
		0D12512923B557E60014EE3A /* Build configuration list for PBXNativeTarget "wallet" */ = {
			isa = XCConfigurationList;
			buildConfigurations = (
				0D12512A23B557E60014EE3A /* Debug */,
				0D12512B23B557E60014EE3A /* Release */,
			);
			defaultConfigurationIsVisible = 0;
			defaultConfigurationName = Release;
		};
		0D12512C23B557E60014EE3A /* Build configuration list for PBXNativeTarget "walletTests" */ = {
			isa = XCConfigurationList;
			buildConfigurations = (
				0D12512D23B557E60014EE3A /* Debug */,
				0D12512E23B557E60014EE3A /* Release */,
			);
			defaultConfigurationIsVisible = 0;
			defaultConfigurationName = Release;
		};
		0D12512F23B557E60014EE3A /* Build configuration list for PBXNativeTarget "walletUITests" */ = {
			isa = XCConfigurationList;
			buildConfigurations = (
				0D12513023B557E60014EE3A /* Debug */,
				0D12513123B557E60014EE3A /* Release */,
			);
			defaultConfigurationIsVisible = 0;
			defaultConfigurationName = Release;
		};
/* End XCConfigurationList section */
	};
	rootObject = 0D1250F723B557E40014EE3A /* Project object */;
}
